
Microsoft Visual Studio Solution File, Format Version 11.00
# Visual Studio 2010
Project("{2150E333-8FDC-42A3-9474-1A3956D46DE8}") = "Application", "Application", "{CE984A9E-59CB-45B5-9399-12632F1D0F24}"
EndProject
Project("{8BC9CEB8-8B4A-11D0-8D11-00A0C91BC942}") = "hedgehog", "application\hedgehog\hedgehog.vcxproj", "{0B1DD816-D1B7-4A1A-AB8F-AA4E73F97F35}"
	ProjectSection(ProjectDependencies) = postProject
		{4AA8342B-324C-4FE2-97AB-34F55A2D45F5} = {4AA8342B-324C-4FE2-97AB-34F55A2D45F5}
		{6F884B2F-BEBC-4224-9FE2-7925E2DD8595} = {6F884B2F-BEBC-4224-9FE2-7925E2DD8595}
		{6300074B-CAD4-4554-A8E9-129D99CDD6A0} = {6300074B-CAD4-4554-A8E9-129D99CDD6A0}
		{52F71F7A-E2B6-4AB9-9392-912EE8B2FDB1} = {52F71F7A-E2B6-4AB9-9392-912EE8B2FDB1}
		{3905CE91-9CF1-43D6-B833-FD2DE1D94F9E} = {3905CE91-9CF1-43D6-B833-FD2DE1D94F9E}
	EndProjectSection
EndProject
Project("{2150E333-8FDC-42A3-9474-1A3956D46DE8}") = "Framework", "Framework", "{3A027929-9257-49A3-8119-6610A9D73D95}"
EndProject
Project("{2150E333-8FDC-42A3-9474-1A3956D46DE8}") = "Plugins", "Plugins", "{F60A3593-D97E-4AE6-A974-A28E2014DBF0}"
EndProject
Project("{8BC9CEB8-8B4A-11D0-8D11-00A0C91BC942}") = "plugins_manager", "framework\core\plugins_manager\plugins_manager.vcxproj", "{3905CE91-9CF1-43D6-B833-FD2DE1D94F9E}"
EndProject
Project("{2150E333-8FDC-42A3-9474-1A3956D46DE8}") = "Tools", "Tools", "{ED1821C3-9A46-4154-A90B-C69BD748EA8E}"
EndProject
Project("{8BC9CEB8-8B4A-11D0-8D11-00A0C91BC942}") = "xml_library", "tools\core\xml_library\xml_library.vcxproj", "{EB038621-670A-403C-BC68-18746DECFD48}"
EndProject
Project("{8BC9CEB8-8B4A-11D0-8D11-00A0C91BC942}") = "window_manager", "framework\gui\window_manager\window_manager.vcxproj", "{6300074B-CAD4-4554-A8E9-129D99CDD6A0}"
	ProjectSection(ProjectDependencies) = postProject
		{3905CE91-9CF1-43D6-B833-FD2DE1D94F9E} = {3905CE91-9CF1-43D6-B833-FD2DE1D94F9E}
	EndProjectSection
EndProject
Project("{8BC9CEB8-8B4A-11D0-8D11-00A0C91BC942}") = "console", "plugins\gui\console\console.vcxproj", "{6F884B2F-BEBC-4224-9FE2-7925E2DD8595}"
	ProjectSection(ProjectDependencies) = postProject
		{3905CE91-9CF1-43D6-B833-FD2DE1D94F9E} = {3905CE91-9CF1-43D6-B833-FD2DE1D94F9E}
	EndProjectSection
EndProject
Project("{2150E333-8FDC-42A3-9474-1A3956D46DE8}") = "Iterators", "Iterators", "{D0FD3133-DD97-47F0-9DC7-C2EDA54C7262}"
	ProjectSection(SolutionItems) = preProject
		tools\core\iterators\it_iiterator.hpp = tools\core\iterators\it_iiterator.hpp
		tools\core\iterators\it_simple_iterator.hpp = tools\core\iterators\it_simple_iterator.hpp
	EndProjectSection
EndProject
Project("{2150E333-8FDC-42A3-9474-1A3956D46DE8}") = "Allocators", "Allocators", "{960A8F26-9281-42CF-9B30-09B2B0F046CB}"
	ProjectSection(SolutionItems) = preProject
		tools\core\allocators\al_block_allocator.hpp = tools\core\allocators\al_block_allocator.hpp
		tools\core\allocators\al_blocks_manager.hpp = tools\core\allocators\al_blocks_manager.hpp
	EndProjectSection
EndProject
Project("{2150E333-8FDC-42A3-9474-1A3956D46DE8}") = "Core", "Core", "{08C11D7D-743D-4963-B7C1-E02B7EF1E730}"
EndProject
Project("{2150E333-8FDC-42A3-9474-1A3956D46DE8}") = "GUI", "GUI", "{8C6CB3D8-082B-446E-80D9-8E8D0257E41B}"
EndProject
Project("{2150E333-8FDC-42A3-9474-1A3956D46DE8}") = "Core", "Core", "{92356538-5649-4749-9357-AE22691EC888}"
EndProject
Project("{2150E333-8FDC-42A3-9474-1A3956D46DE8}") = "GUI", "GUI", "{067F413D-45A2-4498-BA71-16232CB3F0D5}"
EndProject
Project("{2150E333-8FDC-42A3-9474-1A3956D46DE8}") = "Intrusive Base", "Intrusive Base", "{0024392F-6CAE-475F-B230-99E46BDA2264}"
	ProjectSection(SolutionItems) = preProject
		tools\core\intrusive_base\ib_base.hpp = tools\core\intrusive_base\ib_base.hpp
		tools\core\intrusive_base\ib_ibase.hpp = tools\core\intrusive_base\ib_ibase.hpp
	EndProjectSection
EndProject
Project("{2150E333-8FDC-42A3-9474-1A3956D46DE8}") = "Core", "Core", "{BAFABD37-C08B-4CD4-B0CE-A925C547D2EB}"
EndProject
Project("{8BC9CEB8-8B4A-11D0-8D11-00A0C91BC942}") = "landscape_model", "plugins\core\landscape_model\landscape_model.vcxproj", "{4AA8342B-324C-4FE2-97AB-34F55A2D45F5}"
	ProjectSection(ProjectDependencies) = postProject
		{3905CE91-9CF1-43D6-B833-FD2DE1D94F9E} = {3905CE91-9CF1-43D6-B833-FD2DE1D94F9E}
	EndProjectSection
EndProject
Project("{2150E333-8FDC-42A3-9474-1A3956D46DE8}") = "Messenger", "Messenger", "{AA106785-6171-444E-930D-1235578580A7}"
	ProjectSection(SolutionItems) = preProject
		tools\core\messenger\ms_imessenger.hpp = tools\core\messenger\ms_imessenger.hpp
	EndProjectSection
EndProject
Project("{8BC9CEB8-8B4A-11D0-8D11-00A0C91BC942}") = "landscape_editor", "plugins\gui\landscape_editor\landscape_editor.vcxproj", "{52F71F7A-E2B6-4AB9-9392-912EE8B2FDB1}"
	ProjectSection(ProjectDependencies) = postProject
		{3905CE91-9CF1-43D6-B833-FD2DE1D94F9E} = {3905CE91-9CF1-43D6-B833-FD2DE1D94F9E}
	EndProjectSection
EndProject
Project("{8BC9CEB8-8B4A-11D0-8D11-00A0C91BC942}") = "commands_manager", "framework\core\commands_manager\commands_manager.vcxproj", "{F45758BE-41A3-46FB-BF0E-BAE021131199}"
	ProjectSection(ProjectDependencies) = postProject
		{3905CE91-9CF1-43D6-B833-FD2DE1D94F9E} = {3905CE91-9CF1-43D6-B833-FD2DE1D94F9E}
	EndProjectSection
EndProject
Project("{2150E333-8FDC-42A3-9474-1A3956D46DE8}") = "Tools", "Tools", "{6933280D-1EF7-4A48-810E-4E2EEB60FBDE}"
	ProjectSection(SolutionItems) = preProject
		framework\gui\tools\fm_base_gui_plugin.hpp = framework\gui\tools\fm_base_gui_plugin.hpp
	EndProjectSection
EndProject
Project("{8BC9CEB8-8B4A-11D0-8D11-00A0C91BC942}") = "resources_manager", "framework\core\resources_manager\resources_manager.vcxproj", "{F4D00DC9-733D-4511-90F5-1A0BAE0E0B81}"
	ProjectSection(ProjectDependencies) = postProject
		{3905CE91-9CF1-43D6-B833-FD2DE1D94F9E} = {3905CE91-9CF1-43D6-B833-FD2DE1D94F9E}
	EndProjectSection
EndProject
Global
	GlobalSection(SolutionConfigurationPlatforms) = preSolution
		Debug|Win32 = Debug|Win32
		Debug|x64 = Debug|x64
		Release|Win32 = Release|Win32
		Release|x64 = Release|x64
	EndGlobalSection
	GlobalSection(ProjectConfigurationPlatforms) = postSolution
		{0B1DD816-D1B7-4A1A-AB8F-AA4E73F97F35}.Debug|Win32.ActiveCfg = Debug|Win32
		{0B1DD816-D1B7-4A1A-AB8F-AA4E73F97F35}.Debug|Win32.Build.0 = Debug|Win32
		{0B1DD816-D1B7-4A1A-AB8F-AA4E73F97F35}.Debug|x64.ActiveCfg = Debug|x64
		{0B1DD816-D1B7-4A1A-AB8F-AA4E73F97F35}.Debug|x64.Build.0 = Debug|x64
		{0B1DD816-D1B7-4A1A-AB8F-AA4E73F97F35}.Release|Win32.ActiveCfg = Release|Win32
		{0B1DD816-D1B7-4A1A-AB8F-AA4E73F97F35}.Release|Win32.Build.0 = Release|Win32
		{0B1DD816-D1B7-4A1A-AB8F-AA4E73F97F35}.Release|x64.ActiveCfg = Release|x64
		{0B1DD816-D1B7-4A1A-AB8F-AA4E73F97F35}.Release|x64.Build.0 = Release|x64
		{3905CE91-9CF1-43D6-B833-FD2DE1D94F9E}.Debug|Win32.ActiveCfg = Debug|Win32
		{3905CE91-9CF1-43D6-B833-FD2DE1D94F9E}.Debug|Win32.Build.0 = Debug|Win32
		{3905CE91-9CF1-43D6-B833-FD2DE1D94F9E}.Debug|x64.ActiveCfg = Debug|x64
		{3905CE91-9CF1-43D6-B833-FD2DE1D94F9E}.Debug|x64.Build.0 = Debug|x64
		{3905CE91-9CF1-43D6-B833-FD2DE1D94F9E}.Release|Win32.ActiveCfg = Release|Win32
		{3905CE91-9CF1-43D6-B833-FD2DE1D94F9E}.Release|Win32.Build.0 = Release|Win32
		{3905CE91-9CF1-43D6-B833-FD2DE1D94F9E}.Release|x64.ActiveCfg = Release|x64
		{3905CE91-9CF1-43D6-B833-FD2DE1D94F9E}.Release|x64.Build.0 = Release|x64
		{EB038621-670A-403C-BC68-18746DECFD48}.Debug|Win32.ActiveCfg = Debug|Win32
		{EB038621-670A-403C-BC68-18746DECFD48}.Debug|Win32.Build.0 = Debug|Win32
		{EB038621-670A-403C-BC68-18746DECFD48}.Debug|x64.ActiveCfg = Debug|x64
		{EB038621-670A-403C-BC68-18746DECFD48}.Debug|x64.Build.0 = Debug|x64
		{EB038621-670A-403C-BC68-18746DECFD48}.Release|Win32.ActiveCfg = Release|Win32
		{EB038621-670A-403C-BC68-18746DECFD48}.Release|Win32.Build.0 = Release|Win32
		{EB038621-670A-403C-BC68-18746DECFD48}.Release|x64.ActiveCfg = Release|x64
		{EB038621-670A-403C-BC68-18746DECFD48}.Release|x64.Build.0 = Release|x64
		{6300074B-CAD4-4554-A8E9-129D99CDD6A0}.Debug|Win32.ActiveCfg = Debug|Win32
		{6300074B-CAD4-4554-A8E9-129D99CDD6A0}.Debug|Win32.Build.0 = Debug|Win32
		{6300074B-CAD4-4554-A8E9-129D99CDD6A0}.Debug|x64.ActiveCfg = Debug|x64
		{6300074B-CAD4-4554-A8E9-129D99CDD6A0}.Debug|x64.Build.0 = Debug|x64
		{6300074B-CAD4-4554-A8E9-129D99CDD6A0}.Release|Win32.ActiveCfg = Release|Win32
		{6300074B-CAD4-4554-A8E9-129D99CDD6A0}.Release|Win32.Build.0 = Release|Win32
		{6300074B-CAD4-4554-A8E9-129D99CDD6A0}.Release|x64.ActiveCfg = Release|x64
		{6300074B-CAD4-4554-A8E9-129D99CDD6A0}.Release|x64.Build.0 = Release|x64
		{6F884B2F-BEBC-4224-9FE2-7925E2DD8595}.Debug|Win32.ActiveCfg = Debug|Win32
		{6F884B2F-BEBC-4224-9FE2-7925E2DD8595}.Debug|Win32.Build.0 = Debug|Win32
		{6F884B2F-BEBC-4224-9FE2-7925E2DD8595}.Debug|x64.ActiveCfg = Debug|x64
		{6F884B2F-BEBC-4224-9FE2-7925E2DD8595}.Debug|x64.Build.0 = Debug|x64
		{6F884B2F-BEBC-4224-9FE2-7925E2DD8595}.Release|Win32.ActiveCfg = Release|Win32
		{6F884B2F-BEBC-4224-9FE2-7925E2DD8595}.Release|Win32.Build.0 = Release|Win32
		{6F884B2F-BEBC-4224-9FE2-7925E2DD8595}.Release|x64.ActiveCfg = Release|x64
		{6F884B2F-BEBC-4224-9FE2-7925E2DD8595}.Release|x64.Build.0 = Release|x64
		{4AA8342B-324C-4FE2-97AB-34F55A2D45F5}.Debug|Win32.ActiveCfg = Debug|Win32
		{4AA8342B-324C-4FE2-97AB-34F55A2D45F5}.Debug|Win32.Build.0 = Debug|Win32
		{4AA8342B-324C-4FE2-97AB-34F55A2D45F5}.Debug|x64.ActiveCfg = Debug|x64
		{4AA8342B-324C-4FE2-97AB-34F55A2D45F5}.Debug|x64.Build.0 = Debug|x64
		{4AA8342B-324C-4FE2-97AB-34F55A2D45F5}.Release|Win32.ActiveCfg = Release|Win32
		{4AA8342B-324C-4FE2-97AB-34F55A2D45F5}.Release|Win32.Build.0 = Release|Win32
		{4AA8342B-324C-4FE2-97AB-34F55A2D45F5}.Release|x64.ActiveCfg = Release|x64
		{4AA8342B-324C-4FE2-97AB-34F55A2D45F5}.Release|x64.Build.0 = Release|x64
		{52F71F7A-E2B6-4AB9-9392-912EE8B2FDB1}.Debug|Win32.ActiveCfg = Debug|Win32
		{52F71F7A-E2B6-4AB9-9392-912EE8B2FDB1}.Debug|Win32.Build.0 = Debug|Win32
		{52F71F7A-E2B6-4AB9-9392-912EE8B2FDB1}.Debug|x64.ActiveCfg = Debug|x64
		{52F71F7A-E2B6-4AB9-9392-912EE8B2FDB1}.Debug|x64.Build.0 = Debug|x64
		{52F71F7A-E2B6-4AB9-9392-912EE8B2FDB1}.Release|Win32.ActiveCfg = Release|Win32
		{52F71F7A-E2B6-4AB9-9392-912EE8B2FDB1}.Release|Win32.Build.0 = Release|Win32
		{52F71F7A-E2B6-4AB9-9392-912EE8B2FDB1}.Release|x64.ActiveCfg = Release|x64
		{52F71F7A-E2B6-4AB9-9392-912EE8B2FDB1}.Release|x64.Build.0 = Release|x64
		{F45758BE-41A3-46FB-BF0E-BAE021131199}.Debug|Win32.ActiveCfg = Debug|Win32
		{F45758BE-41A3-46FB-BF0E-BAE021131199}.Debug|Win32.Build.0 = Debug|Win32
		{F45758BE-41A3-46FB-BF0E-BAE021131199}.Debug|x64.ActiveCfg = Debug|x64
		{F45758BE-41A3-46FB-BF0E-BAE021131199}.Debug|x64.Build.0 = Debug|x64
		{F45758BE-41A3-46FB-BF0E-BAE021131199}.Release|Win32.ActiveCfg = Release|Win32
		{F45758BE-41A3-46FB-BF0E-BAE021131199}.Release|Win32.Build.0 = Release|Win32
		{F45758BE-41A3-46FB-BF0E-BAE021131199}.Release|x64.ActiveCfg = Release|x64
		{F45758BE-41A3-46FB-BF0E-BAE021131199}.Release|x64.Build.0 = Release|x64
		{F4D00DC9-733D-4511-90F5-1A0BAE0E0B81}.Debug|Win32.ActiveCfg = Debug|Win32
		{F4D00DC9-733D-4511-90F5-1A0BAE0E0B81}.Debug|Win32.Build.0 = Debug|Win32
		{F4D00DC9-733D-4511-90F5-1A0BAE0E0B81}.Debug|x64.ActiveCfg = Debug|x64
		{F4D00DC9-733D-4511-90F5-1A0BAE0E0B81}.Debug|x64.Build.0 = Debug|x64
		{F4D00DC9-733D-4511-90F5-1A0BAE0E0B81}.Release|Win32.ActiveCfg = Release|Win32
		{F4D00DC9-733D-4511-90F5-1A0BAE0E0B81}.Release|Win32.Build.0 = Release|Win32
		{F4D00DC9-733D-4511-90F5-1A0BAE0E0B81}.Release|x64.ActiveCfg = Release|x64
		{F4D00DC9-733D-4511-90F5-1A0BAE0E0B81}.Release|x64.Build.0 = Release|x64
	EndGlobalSection
	GlobalSection(SolutionProperties) = preSolution
		HideSolutionNode = FALSE
	EndGlobalSection
	GlobalSection(NestedProjects) = preSolution
		{0B1DD816-D1B7-4A1A-AB8F-AA4E73F97F35} = {CE984A9E-59CB-45B5-9399-12632F1D0F24}
		{92356538-5649-4749-9357-AE22691EC888} = {3A027929-9257-49A3-8119-6610A9D73D95}
		{067F413D-45A2-4498-BA71-16232CB3F0D5} = {3A027929-9257-49A3-8119-6610A9D73D95}
		{8C6CB3D8-082B-446E-80D9-8E8D0257E41B} = {F60A3593-D97E-4AE6-A974-A28E2014DBF0}
		{BAFABD37-C08B-4CD4-B0CE-A925C547D2EB} = {F60A3593-D97E-4AE6-A974-A28E2014DBF0}
		{3905CE91-9CF1-43D6-B833-FD2DE1D94F9E} = {92356538-5649-4749-9357-AE22691EC888}
		{F45758BE-41A3-46FB-BF0E-BAE021131199} = {92356538-5649-4749-9357-AE22691EC888}
		{F4D00DC9-733D-4511-90F5-1A0BAE0E0B81} = {92356538-5649-4749-9357-AE22691EC888}
		{08C11D7D-743D-4963-B7C1-E02B7EF1E730} = {ED1821C3-9A46-4154-A90B-C69BD748EA8E}
		{D0FD3133-DD97-47F0-9DC7-C2EDA54C7262} = {08C11D7D-743D-4963-B7C1-E02B7EF1E730}
		{960A8F26-9281-42CF-9B30-09B2B0F046CB} = {08C11D7D-743D-4963-B7C1-E02B7EF1E730}
		{EB038621-670A-403C-BC68-18746DECFD48} = {08C11D7D-743D-4963-B7C1-E02B7EF1E730}
		{0024392F-6CAE-475F-B230-99E46BDA2264} = {08C11D7D-743D-4963-B7C1-E02B7EF1E730}
		{AA106785-6171-444E-930D-1235578580A7} = {08C11D7D-743D-4963-B7C1-E02B7EF1E730}
		{6300074B-CAD4-4554-A8E9-129D99CDD6A0} = {067F413D-45A2-4498-BA71-16232CB3F0D5}
		{6933280D-1EF7-4A48-810E-4E2EEB60FBDE} = {067F413D-45A2-4498-BA71-16232CB3F0D5}
		{6F884B2F-BEBC-4224-9FE2-7925E2DD8595} = {8C6CB3D8-082B-446E-80D9-8E8D0257E41B}
		{52F71F7A-E2B6-4AB9-9392-912EE8B2FDB1} = {8C6CB3D8-082B-446E-80D9-8E8D0257E41B}
		{4AA8342B-324C-4FE2-97AB-34F55A2D45F5} = {BAFABD37-C08B-4CD4-B0CE-A925C547D2EB}
	EndGlobalSection
EndGlobal
