
Microsoft Visual Studio Solution File, Format Version 11.00
# Visual Studio 2010
Project("{2150E333-8FDC-42A3-9474-1A3956D46DE8}") = "Application", "Application", "{CE984A9E-59CB-45B5-9399-12632F1D0F24}"
EndProject
Project("{8BC9CEB8-8B4A-11D0-8D11-00A0C91BC942}") = "hedgehog", "application\hedgehog\hedgehog.vcxproj", "{0B1DD816-D1B7-4A1A-AB8F-AA4E73F97F35}"
	ProjectSection(ProjectDependencies) = postProject
		{3905CE91-9CF1-43D6-B833-FD2DE1D94F9E} = {3905CE91-9CF1-43D6-B833-FD2DE1D94F9E}
	EndProjectSection
EndProject
Project("{2150E333-8FDC-42A3-9474-1A3956D46DE8}") = "Framework", "Framework", "{3A027929-9257-49A3-8119-6610A9D73D95}"
EndProject
Project("{2150E333-8FDC-42A3-9474-1A3956D46DE8}") = "Client", "Client", "{F60A3593-D97E-4AE6-A974-A28E2014DBF0}"
EndProject
Project("{8BC9CEB8-8B4A-11D0-8D11-00A0C91BC942}") = "plugins_manager", "framework\core\plugins_manager\plugins_manager.vcxproj", "{3905CE91-9CF1-43D6-B833-FD2DE1D94F9E}"
EndProject
Project("{2150E333-8FDC-42A3-9474-1A3956D46DE8}") = "Tools", "Tools", "{ED1821C3-9A46-4154-A90B-C69BD748EA8E}"
EndProject
Project("{8BC9CEB8-8B4A-11D0-8D11-00A0C91BC942}") = "xml_library", "tools\core\xml_library\xml_library.vcxproj", "{EB038621-670A-403C-BC68-18746DECFD48}"
EndProject
Project("{8BC9CEB8-8B4A-11D0-8D11-00A0C91BC942}") = "window_manager", "framework\gui\window_manager\window_manager.vcxproj", "{6300074B-CAD4-4554-A8E9-129D99CDD6A0}"
EndProject
Project("{2150E333-8FDC-42A3-9474-1A3956D46DE8}") = "Iterators", "Iterators", "{D0FD3133-DD97-47F0-9DC7-C2EDA54C7262}"
	ProjectSection(SolutionItems) = preProject
		tools\core\iterators\it_filter_iterator.hpp = tools\core\iterators\it_filter_iterator.hpp
		tools\core\iterators\it_iiterator.hpp = tools\core\iterators\it_iiterator.hpp
		tools\core\iterators\it_simple_iterator.hpp = tools\core\iterators\it_simple_iterator.hpp
		tools\core\iterators\it_value_extractors.hpp = tools\core\iterators\it_value_extractors.hpp
	EndProjectSection
EndProject
Project("{2150E333-8FDC-42A3-9474-1A3956D46DE8}") = "Allocators", "Allocators", "{960A8F26-9281-42CF-9B30-09B2B0F046CB}"
	ProjectSection(SolutionItems) = preProject
		tools\core\allocators\al_block_allocator.hpp = tools\core\allocators\al_block_allocator.hpp
		tools\core\allocators\al_blocks_manager.hpp = tools\core\allocators\al_blocks_manager.hpp
	EndProjectSection
EndProject
Project("{2150E333-8FDC-42A3-9474-1A3956D46DE8}") = "Core", "Core", "{08C11D7D-743D-4963-B7C1-E02B7EF1E730}"
EndProject
Project("{2150E333-8FDC-42A3-9474-1A3956D46DE8}") = "GUI", "GUI", "{8C6CB3D8-082B-446E-80D9-8E8D0257E41B}"
EndProject
Project("{2150E333-8FDC-42A3-9474-1A3956D46DE8}") = "Core", "Core", "{92356538-5649-4749-9357-AE22691EC888}"
EndProject
Project("{2150E333-8FDC-42A3-9474-1A3956D46DE8}") = "GUI", "GUI", "{067F413D-45A2-4498-BA71-16232CB3F0D5}"
EndProject
Project("{2150E333-8FDC-42A3-9474-1A3956D46DE8}") = "Intrusive Base", "Intrusive Base", "{0024392F-6CAE-475F-B230-99E46BDA2264}"
	ProjectSection(SolutionItems) = preProject
		tools\core\intrusive_base\ib_base.hpp = tools\core\intrusive_base\ib_base.hpp
		tools\core\intrusive_base\ib_ibase.hpp = tools\core\intrusive_base\ib_ibase.hpp
	EndProjectSection
EndProject
Project("{8BC9CEB8-8B4A-11D0-8D11-00A0C91BC942}") = "landscape_model", "plugins\core\landscape_model\landscape_model.vcxproj", "{4AA8342B-324C-4FE2-97AB-34F55A2D45F5}"
	ProjectSection(ProjectDependencies) = postProject
		{EB038621-670A-403C-BC68-18746DECFD48} = {EB038621-670A-403C-BC68-18746DECFD48}
	EndProjectSection
EndProject
Project("{2150E333-8FDC-42A3-9474-1A3956D46DE8}") = "Messenger", "Messenger", "{AA106785-6171-444E-930D-1235578580A7}"
	ProjectSection(SolutionItems) = preProject
		tools\core\messenger\ms_imessenger.hpp = tools\core\messenger\ms_imessenger.hpp
	EndProjectSection
EndProject
Project("{8BC9CEB8-8B4A-11D0-8D11-00A0C91BC942}") = "commands_manager", "framework\core\commands_manager\commands_manager.vcxproj", "{F45758BE-41A3-46FB-BF0E-BAE021131199}"
EndProject
Project("{8BC9CEB8-8B4A-11D0-8D11-00A0C91BC942}") = "resources_manager", "framework\core\resources_manager\resources_manager.vcxproj", "{F4D00DC9-733D-4511-90F5-1A0BAE0E0B81}"
EndProject
Project("{8BC9CEB8-8B4A-11D0-8D11-00A0C91BC942}") = "images_manager", "framework\gui\images_manager\images_manager.vcxproj", "{8B3C84F4-56F7-4A7B-AD60-37D1CE2F0031}"
EndProject
Project("{8BC9CEB8-8B4A-11D0-8D11-00A0C91BC942}") = "multithreading_manager", "framework\core\multithreading_manager\multithreading_manager.vcxproj", "{789A420C-B5B5-44C5-BC0F-C32777882348}"
EndProject
Project("{8BC9CEB8-8B4A-11D0-8D11-00A0C91BC942}") = "network_manager", "framework\core\network_manager\network_manager.vcxproj", "{9C7C9F09-52B3-47E1-B140-A38DE22BDFA7}"
EndProject
Project("{8BC9CEB8-8B4A-11D0-8D11-00A0C91BC942}") = "sound_manager", "framework\core\sound_manager\sound_manager.vcxproj", "{80FFB28A-0D87-4568-9C28-6896773E5508}"
EndProject
Project("{8BC9CEB8-8B4A-11D0-8D11-00A0C91BC942}") = "hedgehog_srv", "application\hedgehog_srv\hedgehog_srv.vcxproj", "{D1447AD9-3760-42F7-A618-468CBC9FB64E}"
	ProjectSection(ProjectDependencies) = postProject
		{3905CE91-9CF1-43D6-B833-FD2DE1D94F9E} = {3905CE91-9CF1-43D6-B833-FD2DE1D94F9E}
	EndProjectSection
EndProject
Project("{2150E333-8FDC-42A3-9474-1A3956D46DE8}") = "Common", "Common", "{0262BDD0-A759-4383-A162-A7A2FF5CD5D3}"
EndProject
Project("{2150E333-8FDC-42A3-9474-1A3956D46DE8}") = "Core", "Core", "{B11A589C-ABA9-4ECE-94C0-761C23D4D2A8}"
EndProject
Project("{2150E333-8FDC-42A3-9474-1A3956D46DE8}") = "Plugins", "Plugins", "{9E7D1E7B-8024-4B8E-BF56-83FEF232146E}"
EndProject
Project("{8BC9CEB8-8B4A-11D0-8D11-00A0C91BC942}") = "logger", "framework\core\logger\logger.vcxproj", "{C09A63AC-E94B-4D87-A3F0-2F800C6B2C1E}"
EndProject
Project("{8BC9CEB8-8B4A-11D0-8D11-00A0C91BC942}") = "script_engine", "framework\core\script_engine\script_engine.vcxproj", "{050CE3C8-8DC6-475B-82CB-D5247CE44A96}"
EndProject
Project("{8BC9CEB8-8B4A-11D0-8D11-00A0C91BC942}") = "event_manager", "framework\core\event_manager\event_manager.vcxproj", "{5C3081C1-883E-4164-981B-4F51012A93A3}"
EndProject
Project("{2150E333-8FDC-42A3-9474-1A3956D46DE8}") = "Containers", "Containers", "{C7798636-359C-4052-BEAE-DB015172D90A}"
	ProjectSection(SolutionItems) = preProject
		tools\core\containers\cn_matrix.hpp = tools\core\containers\cn_matrix.hpp
	EndProjectSection
EndProject
Project("{8BC9CEB8-8B4A-11D0-8D11-00A0C91BC942}") = "landscape_viewer", "plugins\gui\landscape_viewer\landscape_viewer.vcxproj", "{16CA5581-CDC1-4756-A90C-6ADF432E71E1}"
EndProject
Project("{8BC9CEB8-8B4A-11D0-8D11-00A0C91BC942}") = "settings", "framework\core\settings\settings.vcxproj", "{F72F9913-074F-4CFF-857E-D9E3A91CE2D6}"
EndProject
Project("{8BC9CEB8-8B4A-11D0-8D11-00A0C91BC942}") = "console", "framework\gui\console\console.vcxproj", "{6F884B2F-BEBC-4224-9FE2-7925E2DD8595}"
EndProject
Project("{8BC9CEB8-8B4A-11D0-8D11-00A0C91BC942}") = "animation_manager", "framework\gui\animation_manager\animation_manager.vcxproj", "{4B8B5BD2-CA8B-403F-B04D-08AC9DB74009}"
EndProject
Project("{2150E333-8FDC-42A3-9474-1A3956D46DE8}") = "Time", "Time", "{D5E278C0-706A-4448-B5B8-FCBC08DC3C0F}"
	ProjectSection(SolutionItems) = preProject
		tools\core\time\t_time.hpp = tools\core\time\t_time.hpp
	EndProjectSection
EndProject
Project("{2150E333-8FDC-42A3-9474-1A3956D46DE8}") = "Generators", "Generators", "{490CC4F0-6D9D-4326-86CE-29FC1A8B4787}"
	ProjectSection(SolutionItems) = preProject
		tools\core\generators\gn_igenerator.hpp = tools\core\generators\gn_igenerator.hpp
		tools\core\generators\gn_unique_id_generator.hpp = tools\core\generators\gn_unique_id_generator.hpp
	EndProjectSection
EndProject
Project("{2150E333-8FDC-42A3-9474-1A3956D46DE8}") = "Streaming", "Streaming", "{71AC2B48-DEFC-4205-912A-4570AFED0FDD}"
	ProjectSection(SolutionItems) = preProject
		tools\core\streaming\st_qvariant_extensions.hpp = tools\core\streaming\st_qvariant_extensions.hpp
	EndProjectSection
EndProject
Global
	GlobalSection(SolutionConfigurationPlatforms) = preSolution
		Debug|Win32 = Debug|Win32
		Debug|x64 = Debug|x64
		Release|Win32 = Release|Win32
		Release|x64 = Release|x64
	EndGlobalSection
	GlobalSection(ProjectConfigurationPlatforms) = postSolution
		{0B1DD816-D1B7-4A1A-AB8F-AA4E73F97F35}.Debug|Win32.ActiveCfg = Debug|Win32
		{0B1DD816-D1B7-4A1A-AB8F-AA4E73F97F35}.Debug|Win32.Build.0 = Debug|Win32
		{0B1DD816-D1B7-4A1A-AB8F-AA4E73F97F35}.Debug|x64.ActiveCfg = Debug|x64
		{0B1DD816-D1B7-4A1A-AB8F-AA4E73F97F35}.Debug|x64.Build.0 = Debug|x64
		{0B1DD816-D1B7-4A1A-AB8F-AA4E73F97F35}.Release|Win32.ActiveCfg = Release|Win32
		{0B1DD816-D1B7-4A1A-AB8F-AA4E73F97F35}.Release|Win32.Build.0 = Release|Win32
		{0B1DD816-D1B7-4A1A-AB8F-AA4E73F97F35}.Release|x64.ActiveCfg = Release|x64
		{0B1DD816-D1B7-4A1A-AB8F-AA4E73F97F35}.Release|x64.Build.0 = Release|x64
		{3905CE91-9CF1-43D6-B833-FD2DE1D94F9E}.Debug|Win32.ActiveCfg = Debug|Win32
		{3905CE91-9CF1-43D6-B833-FD2DE1D94F9E}.Debug|Win32.Build.0 = Debug|Win32
		{3905CE91-9CF1-43D6-B833-FD2DE1D94F9E}.Debug|x64.ActiveCfg = Debug|x64
		{3905CE91-9CF1-43D6-B833-FD2DE1D94F9E}.Debug|x64.Build.0 = Debug|x64
		{3905CE91-9CF1-43D6-B833-FD2DE1D94F9E}.Release|Win32.ActiveCfg = Release|Win32
		{3905CE91-9CF1-43D6-B833-FD2DE1D94F9E}.Release|Win32.Build.0 = Release|Win32
		{3905CE91-9CF1-43D6-B833-FD2DE1D94F9E}.Release|x64.ActiveCfg = Release|x64
		{3905CE91-9CF1-43D6-B833-FD2DE1D94F9E}.Release|x64.Build.0 = Release|x64
		{EB038621-670A-403C-BC68-18746DECFD48}.Debug|Win32.ActiveCfg = Debug|Win32
		{EB038621-670A-403C-BC68-18746DECFD48}.Debug|Win32.Build.0 = Debug|Win32
		{EB038621-670A-403C-BC68-18746DECFD48}.Debug|x64.ActiveCfg = Debug|x64
		{EB038621-670A-403C-BC68-18746DECFD48}.Debug|x64.Build.0 = Debug|x64
		{EB038621-670A-403C-BC68-18746DECFD48}.Release|Win32.ActiveCfg = Release|Win32
		{EB038621-670A-403C-BC68-18746DECFD48}.Release|Win32.Build.0 = Release|Win32
		{EB038621-670A-403C-BC68-18746DECFD48}.Release|x64.ActiveCfg = Release|x64
		{EB038621-670A-403C-BC68-18746DECFD48}.Release|x64.Build.0 = Release|x64
		{6300074B-CAD4-4554-A8E9-129D99CDD6A0}.Debug|Win32.ActiveCfg = Debug|Win32
		{6300074B-CAD4-4554-A8E9-129D99CDD6A0}.Debug|Win32.Build.0 = Debug|Win32
		{6300074B-CAD4-4554-A8E9-129D99CDD6A0}.Debug|x64.ActiveCfg = Debug|x64
		{6300074B-CAD4-4554-A8E9-129D99CDD6A0}.Debug|x64.Build.0 = Debug|x64
		{6300074B-CAD4-4554-A8E9-129D99CDD6A0}.Release|Win32.ActiveCfg = Release|Win32
		{6300074B-CAD4-4554-A8E9-129D99CDD6A0}.Release|Win32.Build.0 = Release|Win32
		{6300074B-CAD4-4554-A8E9-129D99CDD6A0}.Release|x64.ActiveCfg = Release|x64
		{6300074B-CAD4-4554-A8E9-129D99CDD6A0}.Release|x64.Build.0 = Release|x64
		{4AA8342B-324C-4FE2-97AB-34F55A2D45F5}.Debug|Win32.ActiveCfg = Debug|Win32
		{4AA8342B-324C-4FE2-97AB-34F55A2D45F5}.Debug|Win32.Build.0 = Debug|Win32
		{4AA8342B-324C-4FE2-97AB-34F55A2D45F5}.Debug|x64.ActiveCfg = Debug|x64
		{4AA8342B-324C-4FE2-97AB-34F55A2D45F5}.Debug|x64.Build.0 = Debug|x64
		{4AA8342B-324C-4FE2-97AB-34F55A2D45F5}.Release|Win32.ActiveCfg = Release|Win32
		{4AA8342B-324C-4FE2-97AB-34F55A2D45F5}.Release|Win32.Build.0 = Release|Win32
		{4AA8342B-324C-4FE2-97AB-34F55A2D45F5}.Release|x64.ActiveCfg = Release|x64
		{4AA8342B-324C-4FE2-97AB-34F55A2D45F5}.Release|x64.Build.0 = Release|x64
		{F45758BE-41A3-46FB-BF0E-BAE021131199}.Debug|Win32.ActiveCfg = Debug|Win32
		{F45758BE-41A3-46FB-BF0E-BAE021131199}.Debug|Win32.Build.0 = Debug|Win32
		{F45758BE-41A3-46FB-BF0E-BAE021131199}.Debug|x64.ActiveCfg = Debug|x64
		{F45758BE-41A3-46FB-BF0E-BAE021131199}.Debug|x64.Build.0 = Debug|x64
		{F45758BE-41A3-46FB-BF0E-BAE021131199}.Release|Win32.ActiveCfg = Release|Win32
		{F45758BE-41A3-46FB-BF0E-BAE021131199}.Release|Win32.Build.0 = Release|Win32
		{F45758BE-41A3-46FB-BF0E-BAE021131199}.Release|x64.ActiveCfg = Release|x64
		{F45758BE-41A3-46FB-BF0E-BAE021131199}.Release|x64.Build.0 = Release|x64
		{F4D00DC9-733D-4511-90F5-1A0BAE0E0B81}.Debug|Win32.ActiveCfg = Debug|Win32
		{F4D00DC9-733D-4511-90F5-1A0BAE0E0B81}.Debug|Win32.Build.0 = Debug|Win32
		{F4D00DC9-733D-4511-90F5-1A0BAE0E0B81}.Debug|x64.ActiveCfg = Debug|x64
		{F4D00DC9-733D-4511-90F5-1A0BAE0E0B81}.Debug|x64.Build.0 = Debug|x64
		{F4D00DC9-733D-4511-90F5-1A0BAE0E0B81}.Release|Win32.ActiveCfg = Release|Win32
		{F4D00DC9-733D-4511-90F5-1A0BAE0E0B81}.Release|Win32.Build.0 = Release|Win32
		{F4D00DC9-733D-4511-90F5-1A0BAE0E0B81}.Release|x64.ActiveCfg = Release|x64
		{F4D00DC9-733D-4511-90F5-1A0BAE0E0B81}.Release|x64.Build.0 = Release|x64
		{8B3C84F4-56F7-4A7B-AD60-37D1CE2F0031}.Debug|Win32.ActiveCfg = Debug|Win32
		{8B3C84F4-56F7-4A7B-AD60-37D1CE2F0031}.Debug|Win32.Build.0 = Debug|Win32
		{8B3C84F4-56F7-4A7B-AD60-37D1CE2F0031}.Debug|x64.ActiveCfg = Debug|x64
		{8B3C84F4-56F7-4A7B-AD60-37D1CE2F0031}.Debug|x64.Build.0 = Debug|x64
		{8B3C84F4-56F7-4A7B-AD60-37D1CE2F0031}.Release|Win32.ActiveCfg = Release|Win32
		{8B3C84F4-56F7-4A7B-AD60-37D1CE2F0031}.Release|Win32.Build.0 = Release|Win32
		{8B3C84F4-56F7-4A7B-AD60-37D1CE2F0031}.Release|x64.ActiveCfg = Release|x64
		{8B3C84F4-56F7-4A7B-AD60-37D1CE2F0031}.Release|x64.Build.0 = Release|x64
		{789A420C-B5B5-44C5-BC0F-C32777882348}.Debug|Win32.ActiveCfg = Debug|Win32
		{789A420C-B5B5-44C5-BC0F-C32777882348}.Debug|Win32.Build.0 = Debug|Win32
		{789A420C-B5B5-44C5-BC0F-C32777882348}.Debug|x64.ActiveCfg = Debug|x64
		{789A420C-B5B5-44C5-BC0F-C32777882348}.Debug|x64.Build.0 = Debug|x64
		{789A420C-B5B5-44C5-BC0F-C32777882348}.Release|Win32.ActiveCfg = Release|Win32
		{789A420C-B5B5-44C5-BC0F-C32777882348}.Release|Win32.Build.0 = Release|Win32
		{789A420C-B5B5-44C5-BC0F-C32777882348}.Release|x64.ActiveCfg = Release|x64
		{789A420C-B5B5-44C5-BC0F-C32777882348}.Release|x64.Build.0 = Release|x64
		{9C7C9F09-52B3-47E1-B140-A38DE22BDFA7}.Debug|Win32.ActiveCfg = Debug|Win32
		{9C7C9F09-52B3-47E1-B140-A38DE22BDFA7}.Debug|Win32.Build.0 = Debug|Win32
		{9C7C9F09-52B3-47E1-B140-A38DE22BDFA7}.Debug|x64.ActiveCfg = Debug|x64
		{9C7C9F09-52B3-47E1-B140-A38DE22BDFA7}.Debug|x64.Build.0 = Debug|x64
		{9C7C9F09-52B3-47E1-B140-A38DE22BDFA7}.Release|Win32.ActiveCfg = Release|Win32
		{9C7C9F09-52B3-47E1-B140-A38DE22BDFA7}.Release|Win32.Build.0 = Release|Win32
		{9C7C9F09-52B3-47E1-B140-A38DE22BDFA7}.Release|x64.ActiveCfg = Release|x64
		{9C7C9F09-52B3-47E1-B140-A38DE22BDFA7}.Release|x64.Build.0 = Release|x64
		{80FFB28A-0D87-4568-9C28-6896773E5508}.Debug|Win32.ActiveCfg = Debug|Win32
		{80FFB28A-0D87-4568-9C28-6896773E5508}.Debug|Win32.Build.0 = Debug|Win32
		{80FFB28A-0D87-4568-9C28-6896773E5508}.Debug|x64.ActiveCfg = Debug|x64
		{80FFB28A-0D87-4568-9C28-6896773E5508}.Debug|x64.Build.0 = Debug|x64
		{80FFB28A-0D87-4568-9C28-6896773E5508}.Release|Win32.ActiveCfg = Release|Win32
		{80FFB28A-0D87-4568-9C28-6896773E5508}.Release|Win32.Build.0 = Release|Win32
		{80FFB28A-0D87-4568-9C28-6896773E5508}.Release|x64.ActiveCfg = Release|x64
		{80FFB28A-0D87-4568-9C28-6896773E5508}.Release|x64.Build.0 = Release|x64
		{D1447AD9-3760-42F7-A618-468CBC9FB64E}.Debug|Win32.ActiveCfg = Debug|Win32
		{D1447AD9-3760-42F7-A618-468CBC9FB64E}.Debug|Win32.Build.0 = Debug|Win32
		{D1447AD9-3760-42F7-A618-468CBC9FB64E}.Debug|x64.ActiveCfg = Debug|x64
		{D1447AD9-3760-42F7-A618-468CBC9FB64E}.Debug|x64.Build.0 = Debug|x64
		{D1447AD9-3760-42F7-A618-468CBC9FB64E}.Release|Win32.ActiveCfg = Release|Win32
		{D1447AD9-3760-42F7-A618-468CBC9FB64E}.Release|Win32.Build.0 = Release|Win32
		{D1447AD9-3760-42F7-A618-468CBC9FB64E}.Release|x64.ActiveCfg = Release|x64
		{D1447AD9-3760-42F7-A618-468CBC9FB64E}.Release|x64.Build.0 = Release|x64
		{C09A63AC-E94B-4D87-A3F0-2F800C6B2C1E}.Debug|Win32.ActiveCfg = Debug|Win32
		{C09A63AC-E94B-4D87-A3F0-2F800C6B2C1E}.Debug|Win32.Build.0 = Debug|Win32
		{C09A63AC-E94B-4D87-A3F0-2F800C6B2C1E}.Debug|x64.ActiveCfg = Debug|x64
		{C09A63AC-E94B-4D87-A3F0-2F800C6B2C1E}.Debug|x64.Build.0 = Debug|x64
		{C09A63AC-E94B-4D87-A3F0-2F800C6B2C1E}.Release|Win32.ActiveCfg = Release|Win32
		{C09A63AC-E94B-4D87-A3F0-2F800C6B2C1E}.Release|Win32.Build.0 = Release|Win32
		{C09A63AC-E94B-4D87-A3F0-2F800C6B2C1E}.Release|x64.ActiveCfg = Release|x64
		{C09A63AC-E94B-4D87-A3F0-2F800C6B2C1E}.Release|x64.Build.0 = Release|x64
		{050CE3C8-8DC6-475B-82CB-D5247CE44A96}.Debug|Win32.ActiveCfg = Debug|Win32
		{050CE3C8-8DC6-475B-82CB-D5247CE44A96}.Debug|Win32.Build.0 = Debug|Win32
		{050CE3C8-8DC6-475B-82CB-D5247CE44A96}.Debug|x64.ActiveCfg = Debug|x64
		{050CE3C8-8DC6-475B-82CB-D5247CE44A96}.Debug|x64.Build.0 = Debug|x64
		{050CE3C8-8DC6-475B-82CB-D5247CE44A96}.Release|Win32.ActiveCfg = Release|Win32
		{050CE3C8-8DC6-475B-82CB-D5247CE44A96}.Release|Win32.Build.0 = Release|Win32
		{050CE3C8-8DC6-475B-82CB-D5247CE44A96}.Release|x64.ActiveCfg = Release|x64
		{050CE3C8-8DC6-475B-82CB-D5247CE44A96}.Release|x64.Build.0 = Release|x64
		{5C3081C1-883E-4164-981B-4F51012A93A3}.Debug|Win32.ActiveCfg = Debug|Win32
		{5C3081C1-883E-4164-981B-4F51012A93A3}.Debug|Win32.Build.0 = Debug|Win32
		{5C3081C1-883E-4164-981B-4F51012A93A3}.Debug|x64.ActiveCfg = Debug|x64
		{5C3081C1-883E-4164-981B-4F51012A93A3}.Debug|x64.Build.0 = Debug|x64
		{5C3081C1-883E-4164-981B-4F51012A93A3}.Release|Win32.ActiveCfg = Release|Win32
		{5C3081C1-883E-4164-981B-4F51012A93A3}.Release|Win32.Build.0 = Release|Win32
		{5C3081C1-883E-4164-981B-4F51012A93A3}.Release|x64.ActiveCfg = Release|x64
		{5C3081C1-883E-4164-981B-4F51012A93A3}.Release|x64.Build.0 = Release|x64
		{16CA5581-CDC1-4756-A90C-6ADF432E71E1}.Debug|Win32.ActiveCfg = Debug|Win32
		{16CA5581-CDC1-4756-A90C-6ADF432E71E1}.Debug|Win32.Build.0 = Debug|Win32
		{16CA5581-CDC1-4756-A90C-6ADF432E71E1}.Debug|x64.ActiveCfg = Debug|x64
		{16CA5581-CDC1-4756-A90C-6ADF432E71E1}.Debug|x64.Build.0 = Debug|x64
		{16CA5581-CDC1-4756-A90C-6ADF432E71E1}.Release|Win32.ActiveCfg = Release|Win32
		{16CA5581-CDC1-4756-A90C-6ADF432E71E1}.Release|Win32.Build.0 = Release|Win32
		{16CA5581-CDC1-4756-A90C-6ADF432E71E1}.Release|x64.ActiveCfg = Release|x64
		{16CA5581-CDC1-4756-A90C-6ADF432E71E1}.Release|x64.Build.0 = Release|x64
		{F72F9913-074F-4CFF-857E-D9E3A91CE2D6}.Debug|Win32.ActiveCfg = Debug|Win32
		{F72F9913-074F-4CFF-857E-D9E3A91CE2D6}.Debug|Win32.Build.0 = Debug|Win32
		{F72F9913-074F-4CFF-857E-D9E3A91CE2D6}.Debug|x64.ActiveCfg = Debug|x64
		{F72F9913-074F-4CFF-857E-D9E3A91CE2D6}.Debug|x64.Build.0 = Debug|x64
		{F72F9913-074F-4CFF-857E-D9E3A91CE2D6}.Release|Win32.ActiveCfg = Release|Win32
		{F72F9913-074F-4CFF-857E-D9E3A91CE2D6}.Release|Win32.Build.0 = Release|Win32
		{F72F9913-074F-4CFF-857E-D9E3A91CE2D6}.Release|x64.ActiveCfg = Release|x64
		{F72F9913-074F-4CFF-857E-D9E3A91CE2D6}.Release|x64.Build.0 = Release|x64
		{6F884B2F-BEBC-4224-9FE2-7925E2DD8595}.Debug|Win32.ActiveCfg = Debug|Win32
		{6F884B2F-BEBC-4224-9FE2-7925E2DD8595}.Debug|Win32.Build.0 = Debug|Win32
		{6F884B2F-BEBC-4224-9FE2-7925E2DD8595}.Debug|x64.ActiveCfg = Debug|x64
		{6F884B2F-BEBC-4224-9FE2-7925E2DD8595}.Debug|x64.Build.0 = Debug|x64
		{6F884B2F-BEBC-4224-9FE2-7925E2DD8595}.Release|Win32.ActiveCfg = Release|Win32
		{6F884B2F-BEBC-4224-9FE2-7925E2DD8595}.Release|Win32.Build.0 = Release|Win32
		{6F884B2F-BEBC-4224-9FE2-7925E2DD8595}.Release|x64.ActiveCfg = Release|x64
		{6F884B2F-BEBC-4224-9FE2-7925E2DD8595}.Release|x64.Build.0 = Release|x64
		{4B8B5BD2-CA8B-403F-B04D-08AC9DB74009}.Debug|Win32.ActiveCfg = Debug|Win32
		{4B8B5BD2-CA8B-403F-B04D-08AC9DB74009}.Debug|Win32.Build.0 = Debug|Win32
		{4B8B5BD2-CA8B-403F-B04D-08AC9DB74009}.Debug|x64.ActiveCfg = Debug|x64
		{4B8B5BD2-CA8B-403F-B04D-08AC9DB74009}.Debug|x64.Build.0 = Debug|x64
		{4B8B5BD2-CA8B-403F-B04D-08AC9DB74009}.Release|Win32.ActiveCfg = Release|Win32
		{4B8B5BD2-CA8B-403F-B04D-08AC9DB74009}.Release|Win32.Build.0 = Release|Win32
		{4B8B5BD2-CA8B-403F-B04D-08AC9DB74009}.Release|x64.ActiveCfg = Release|x64
		{4B8B5BD2-CA8B-403F-B04D-08AC9DB74009}.Release|x64.Build.0 = Release|x64
	EndGlobalSection
	GlobalSection(SolutionProperties) = preSolution
		HideSolutionNode = FALSE
	EndGlobalSection
	GlobalSection(NestedProjects) = preSolution
		{0B1DD816-D1B7-4A1A-AB8F-AA4E73F97F35} = {CE984A9E-59CB-45B5-9399-12632F1D0F24}
		{D1447AD9-3760-42F7-A618-468CBC9FB64E} = {CE984A9E-59CB-45B5-9399-12632F1D0F24}
		{92356538-5649-4749-9357-AE22691EC888} = {3A027929-9257-49A3-8119-6610A9D73D95}
		{067F413D-45A2-4498-BA71-16232CB3F0D5} = {3A027929-9257-49A3-8119-6610A9D73D95}
		{F60A3593-D97E-4AE6-A974-A28E2014DBF0} = {9E7D1E7B-8024-4B8E-BF56-83FEF232146E}
		{0262BDD0-A759-4383-A162-A7A2FF5CD5D3} = {9E7D1E7B-8024-4B8E-BF56-83FEF232146E}
		{3905CE91-9CF1-43D6-B833-FD2DE1D94F9E} = {92356538-5649-4749-9357-AE22691EC888}
		{F45758BE-41A3-46FB-BF0E-BAE021131199} = {92356538-5649-4749-9357-AE22691EC888}
		{F4D00DC9-733D-4511-90F5-1A0BAE0E0B81} = {92356538-5649-4749-9357-AE22691EC888}
		{789A420C-B5B5-44C5-BC0F-C32777882348} = {92356538-5649-4749-9357-AE22691EC888}
		{9C7C9F09-52B3-47E1-B140-A38DE22BDFA7} = {92356538-5649-4749-9357-AE22691EC888}
		{80FFB28A-0D87-4568-9C28-6896773E5508} = {92356538-5649-4749-9357-AE22691EC888}
		{C09A63AC-E94B-4D87-A3F0-2F800C6B2C1E} = {92356538-5649-4749-9357-AE22691EC888}
		{050CE3C8-8DC6-475B-82CB-D5247CE44A96} = {92356538-5649-4749-9357-AE22691EC888}
		{5C3081C1-883E-4164-981B-4F51012A93A3} = {92356538-5649-4749-9357-AE22691EC888}
		{F72F9913-074F-4CFF-857E-D9E3A91CE2D6} = {92356538-5649-4749-9357-AE22691EC888}
		{08C11D7D-743D-4963-B7C1-E02B7EF1E730} = {ED1821C3-9A46-4154-A90B-C69BD748EA8E}
		{D0FD3133-DD97-47F0-9DC7-C2EDA54C7262} = {08C11D7D-743D-4963-B7C1-E02B7EF1E730}
		{960A8F26-9281-42CF-9B30-09B2B0F046CB} = {08C11D7D-743D-4963-B7C1-E02B7EF1E730}
		{EB038621-670A-403C-BC68-18746DECFD48} = {08C11D7D-743D-4963-B7C1-E02B7EF1E730}
		{0024392F-6CAE-475F-B230-99E46BDA2264} = {08C11D7D-743D-4963-B7C1-E02B7EF1E730}
		{AA106785-6171-444E-930D-1235578580A7} = {08C11D7D-743D-4963-B7C1-E02B7EF1E730}
		{C7798636-359C-4052-BEAE-DB015172D90A} = {08C11D7D-743D-4963-B7C1-E02B7EF1E730}
		{D5E278C0-706A-4448-B5B8-FCBC08DC3C0F} = {08C11D7D-743D-4963-B7C1-E02B7EF1E730}
		{490CC4F0-6D9D-4326-86CE-29FC1A8B4787} = {08C11D7D-743D-4963-B7C1-E02B7EF1E730}
		{71AC2B48-DEFC-4205-912A-4570AFED0FDD} = {08C11D7D-743D-4963-B7C1-E02B7EF1E730}
		{6300074B-CAD4-4554-A8E9-129D99CDD6A0} = {067F413D-45A2-4498-BA71-16232CB3F0D5}
		{8B3C84F4-56F7-4A7B-AD60-37D1CE2F0031} = {067F413D-45A2-4498-BA71-16232CB3F0D5}
		{6F884B2F-BEBC-4224-9FE2-7925E2DD8595} = {067F413D-45A2-4498-BA71-16232CB3F0D5}
		{4B8B5BD2-CA8B-403F-B04D-08AC9DB74009} = {067F413D-45A2-4498-BA71-16232CB3F0D5}
		{8C6CB3D8-082B-446E-80D9-8E8D0257E41B} = {F60A3593-D97E-4AE6-A974-A28E2014DBF0}
		{B11A589C-ABA9-4ECE-94C0-761C23D4D2A8} = {0262BDD0-A759-4383-A162-A7A2FF5CD5D3}
		{4AA8342B-324C-4FE2-97AB-34F55A2D45F5} = {B11A589C-ABA9-4ECE-94C0-761C23D4D2A8}
		{16CA5581-CDC1-4756-A90C-6ADF432E71E1} = {8C6CB3D8-082B-446E-80D9-8E8D0257E41B}
	EndGlobalSection
EndGlobal
