<?xml version="1.0" encoding="utf-8"?>
<Project ToolsVersion="4.0" xmlns="http://schemas.microsoft.com/developer/msbuild/2003">
  <ItemGroup>
    <Filter Include="Precompiled Header">
      <UniqueIdentifier>{5b77639a-1749-4df0-bc3e-84fa192e3a4e}</UniqueIdentifier>
    </Filter>
    <Filter Include="Plugin">
      <UniqueIdentifier>{1e123293-2906-4221-8be3-b8aa1043b567}</UniqueIdentifier>
    </Filter>
    <Filter Include="External Headers">
      <UniqueIdentifier>{5766bb9f-d48a-4887-a79c-5e9db1346eb1}</UniqueIdentifier>
    </Filter>
    <Filter Include="Interfaces">
      <UniqueIdentifier>{8361510c-6dbb-459b-9fe6-e723dd5676ff}</UniqueIdentifier>
    </Filter>
    <Filter Include="Images Manager">
      <UniqueIdentifier>{35525250-e21b-41c0-8d09-7ab2c5f9db31}</UniqueIdentifier>
    </Filter>
  </ItemGroup>
  <ItemGroup>
    <ClInclude Include="h\im_plugin_id.hpp">
      <Filter>External Headers</Filter>
    </ClInclude>
    <ClInclude Include="sources\plugin\im_plugin_instance.hpp">
      <Filter>Plugin</Filter>
    </ClInclude>
    <ClInclude Include="sources\ph\im_ph.hpp">
      <Filter>Precompiled Header</Filter>
    </ClInclude>
    <ClInclude Include="ih\im_iimages_manager.hpp">
      <Filter>Interfaces</Filter>
    </ClInclude>
    <ClInclude Include="sources\images_manager\im_images_manager.hpp">
      <Filter>Images Manager</Filter>
    </ClInclude>
  </ItemGroup>
  <ItemGroup>
    <ClCompile Include="sources\plugin\im_plugin_instance.cpp">
      <Filter>Plugin</Filter>
    </ClCompile>
    <ClCompile Include="sources\ph\im_ph.cpp">
      <Filter>Precompiled Header</Filter>
    </ClCompile>
    <ClCompile Include="sources\images_manager\im_images_manager.cpp">
      <Filter>Images Manager</Filter>
    </ClCompile>
  </ItemGroup>
</Project>