<?xml version="1.0" encoding="utf-8"?>
<Project ToolsVersion="4.0" xmlns="http://schemas.microsoft.com/developer/msbuild/2003">
  <ItemGroup>
    <Filter Include="Precompiled Header">
      <UniqueIdentifier>{d346cf84-1029-4b9b-8628-15e84de4de2f}</UniqueIdentifier>
    </Filter>
    <Filter Include="Internal Resources">
      <UniqueIdentifier>{69df8527-189e-4e6a-ade6-4ead5ac06a1a}</UniqueIdentifier>
    </Filter>
    <Filter Include="Commands">
      <UniqueIdentifier>{84648fae-68a4-4d56-8bcb-229b53ac6918}</UniqueIdentifier>
    </Filter>
    <Filter Include="Environment">
      <UniqueIdentifier>{1b9ece88-7442-425c-90a0-e2b0154e1390}</UniqueIdentifier>
    </Filter>
    <Filter Include="Plugin">
      <UniqueIdentifier>{6cd0b37f-14f5-4aea-8bd5-c051af4b883e}</UniqueIdentifier>
    </Filter>
    <Filter Include="Views">
      <UniqueIdentifier>{6829ae9d-a2b7-4a4a-9754-b7733684bc75}</UniqueIdentifier>
    </Filter>
    <Filter Include="Widgets">
      <UniqueIdentifier>{a1ed6f58-c9d0-4fba-afa1-62d08b026f6b}</UniqueIdentifier>
    </Filter>
    <Filter Include="Commands Executor">
      <UniqueIdentifier>{0697837a-3a07-4410-96c5-d695e8c8ff04}</UniqueIdentifier>
    </Filter>
    <Filter Include="Landscape Viewer">
      <UniqueIdentifier>{a88b0280-8e57-41d5-98e1-ad694c0477c3}</UniqueIdentifier>
    </Filter>
    <Filter Include="Views\Views Mediator">
      <UniqueIdentifier>{322492f8-5b4a-4045-b70b-7259b6439177}</UniqueIdentifier>
    </Filter>
    <Filter Include="Graphics Info Cache">
      <UniqueIdentifier>{f2093f24-71b5-4925-aea9-7f8f68cc867c}</UniqueIdentifier>
    </Filter>
    <Filter Include="Surface Item Graphics Info">
      <UniqueIdentifier>{f1333970-26ce-41a7-a18d-fb33aa3c008e}</UniqueIdentifier>
    </Filter>
    <Filter Include="Object Graphics Info">
      <UniqueIdentifier>{bd3a144d-1598-4cf1-a5be-dc966d37bcdc}</UniqueIdentifier>
    </Filter>
    <Filter Include="Widgets\Landscape Scene States">
      <UniqueIdentifier>{bf8cbd10-9a46-47f2-a5b8-e3981aa557fc}</UniqueIdentifier>
    </Filter>
  </ItemGroup>
  <ItemGroup>
    <ClCompile Include="sources\ph\lv_ph.cpp">
      <Filter>Precompiled Header</Filter>
    </ClCompile>
    <ClCompile Include="sources\plugin\lv_plugin_instance.cpp">
      <Filter>Plugin</Filter>
    </ClCompile>
    <ClCompile Include="sources\internal_resources\lv_internal_resources.cpp">
      <Filter>Internal Resources</Filter>
    </ClCompile>
    <ClCompile Include="sources\environment\lv_environment.cpp">
      <Filter>Environment</Filter>
    </ClCompile>
    <ClCompile Include="sources\commands\lv_base_command.cpp">
      <Filter>Commands</Filter>
    </ClCompile>
    <ClCompile Include="sources\landscape_viewer\lv_landscape_viewer.cpp">
      <Filter>Landscape Viewer</Filter>
    </ClCompile>
    <ClCompile Include="sources\views\lv_description_view.cpp">
      <Filter>Views</Filter>
    </ClCompile>
    <ClCompile Include="sources\views\lv_landscape_view.cpp">
      <Filter>Views</Filter>
    </ClCompile>
    <ClCompile Include="sources\views\lv_minimap_view.cpp">
      <Filter>Views</Filter>
    </ClCompile>
    <ClCompile Include="sources\views\lv_objects_view.cpp">
      <Filter>Views</Filter>
    </ClCompile>
    <ClCompile Include="sources\widgets\lv_landscape_scene.cpp">
      <Filter>Widgets</Filter>
    </ClCompile>
    <ClCompile Include="sources\widgets\lv_landscape_widget.cpp">
      <Filter>Widgets</Filter>
    </ClCompile>
    <ClCompile Include="sources\widgets\lv_minimap_widget.cpp">
      <Filter>Widgets</Filter>
    </ClCompile>
    <ClCompile Include="sources\commands\lv_commands.cpp">
      <Filter>Commands</Filter>
    </ClCompile>
    <ClCompile Include="sources\commands_executor\lv_commands_executor.cpp">
      <Filter>Commands Executor</Filter>
    </ClCompile>
    <ClCompile Include="sources\views\views_mediator\lv_views_mediator.cpp">
      <Filter>Views\Views Mediator</Filter>
    </ClCompile>
    <ClCompile Include="sources\graphics_info_cache\lv_graphics_info_cache.cpp">
      <Filter>Graphics Info Cache</Filter>
    </ClCompile>
    <ClCompile Include="sources\surface_item_graphics_info\lv_surface_item_graphics_info.cpp">
      <Filter>Surface Item Graphics Info</Filter>
    </ClCompile>
    <ClCompile Include="sources\object_graphics_info\lv_object_graphics_info.cpp">
      <Filter>Object Graphics Info</Filter>
    </ClCompile>
    <ClCompile Include="sources\views\lv_settings_view.cpp">
      <Filter>Views</Filter>
    </ClCompile>
    <ClCompile Include="sources\widgets\landscape_scene_states\lv_landscape_scene_states.cpp">
      <Filter>Widgets\Landscape Scene States</Filter>
    </ClCompile>
    <ClCompile Include="sources\views\lv_selection_view.cpp">
      <Filter>Views</Filter>
    </ClCompile>
  </ItemGroup>
  <ItemGroup>
    <ClInclude Include="sources\ph\lv_ph.hpp">
      <Filter>Precompiled Header</Filter>
    </ClInclude>
    <ClInclude Include="sources\plugin\lv_plugin_instance.hpp">
      <Filter>Plugin</Filter>
    </ClInclude>
    <ClInclude Include="sources\internal_resources\lv_internal_resources.hpp">
      <Filter>Internal Resources</Filter>
    </ClInclude>
    <ClInclude Include="sources\environment\lv_environment.hpp">
      <Filter>Environment</Filter>
    </ClInclude>
    <ClInclude Include="sources\environment\lv_ienvironment.hpp">
      <Filter>Environment</Filter>
    </ClInclude>
    <ClInclude Include="sources\commands\lv_base_command.hpp">
      <Filter>Commands</Filter>
    </ClInclude>
    <ClInclude Include="sources\landscape_viewer\lv_ilandscape_viewer.hpp">
      <Filter>Landscape Viewer</Filter>
    </ClInclude>
    <ClInclude Include="sources\landscape_viewer\lv_landscape_viewer.hpp">
      <Filter>Landscape Viewer</Filter>
    </ClInclude>
    <ClInclude Include="sources\views\lv_description_view.hpp">
      <Filter>Views</Filter>
    </ClInclude>
    <ClInclude Include="sources\views\lv_landscape_view.hpp">
      <Filter>Views</Filter>
    </ClInclude>
    <ClInclude Include="sources\commands_executor\lv_icommands_executor.hpp">
      <Filter>Commands Executor</Filter>
    </ClInclude>
    <ClInclude Include="sources\commands\lv_commands.hpp">
      <Filter>Commands</Filter>
    </ClInclude>
    <ClInclude Include="sources\commands_executor\lv_commands_executor.hpp">
      <Filter>Commands Executor</Filter>
    </ClInclude>
    <ClInclude Include="sources\views\lv_minimap_view.hpp">
      <Filter>Views</Filter>
    </ClInclude>
    <ClInclude Include="sources\graphics_info_cache\lv_graphics_info_cache.hpp">
      <Filter>Graphics Info Cache</Filter>
    </ClInclude>
    <ClInclude Include="sources\graphics_info_cache\lv_igraphics_info_cache.hpp">
      <Filter>Graphics Info Cache</Filter>
    </ClInclude>
    <ClInclude Include="sources\surface_item_graphics_info\lv_isurface_item_graphics_info.hpp">
      <Filter>Surface Item Graphics Info</Filter>
    </ClInclude>
    <ClInclude Include="sources\surface_item_graphics_info\lv_surface_item_graphics_info.hpp">
      <Filter>Surface Item Graphics Info</Filter>
    </ClInclude>
    <ClInclude Include="sources\object_graphics_info\lv_iobject_graphics_info.hpp">
      <Filter>Object Graphics Info</Filter>
    </ClInclude>
    <ClInclude Include="sources\object_graphics_info\lv_object_graphics_info.hpp">
      <Filter>Object Graphics Info</Filter>
    </ClInclude>
    <ClInclude Include="sources\widgets\landscape_scene_states\lv_ilandscape_scene_state.hpp">
      <Filter>Widgets\Landscape Scene States</Filter>
    </ClInclude>
    <ClInclude Include="sources\widgets\landscape_scene_states\lv_landscape_scene_states.hpp">
      <Filter>Widgets\Landscape Scene States</Filter>
    </ClInclude>
  </ItemGroup>
  <ItemGroup>
    <CustomBuild Include="sources\widgets\lv_minimap_widget.hpp">
      <Filter>Widgets</Filter>
    </CustomBuild>
    <CustomBuild Include="sources\views\lv_objects_view.hpp">
      <Filter>Views</Filter>
    </CustomBuild>
    <CustomBuild Include="sources\views\views_mediator\lv_views_mediator.hpp">
      <Filter>Views\Views Mediator</Filter>
    </CustomBuild>
    <CustomBuild Include="sources\widgets\lv_landscape_widget.hpp">
      <Filter>Widgets</Filter>
    </CustomBuild>
    <CustomBuild Include="sources\widgets\lv_landscape_scene.hpp">
      <Filter>Widgets</Filter>
    </CustomBuild>
    <CustomBuild Include="sources\views\lv_settings_view.hpp">
      <Filter>Views</Filter>
    </CustomBuild>
    <CustomBuild Include="sources\views\lv_selection_view.hpp">
      <Filter>Views</Filter>
    </CustomBuild>
  </ItemGroup>
</Project>