<?xml version="1.0" encoding="utf-8"?>
<Project ToolsVersion="4.0" xmlns="http://schemas.microsoft.com/developer/msbuild/2003">
  <ItemGroup>
    <Filter Include="Precompiled Header">
      <UniqueIdentifier>{d346cf84-1029-4b9b-8628-15e84de4de2f}</UniqueIdentifier>
    </Filter>
    <Filter Include="Internal Resources">
      <UniqueIdentifier>{69df8527-189e-4e6a-ade6-4ead5ac06a1a}</UniqueIdentifier>
    </Filter>
    <Filter Include="Commands">
      <UniqueIdentifier>{84648fae-68a4-4d56-8bcb-229b53ac6918}</UniqueIdentifier>
    </Filter>
    <Filter Include="Environment">
      <UniqueIdentifier>{1b9ece88-7442-425c-90a0-e2b0154e1390}</UniqueIdentifier>
    </Filter>
    <Filter Include="Plugin">
      <UniqueIdentifier>{6cd0b37f-14f5-4aea-8bd5-c051af4b883e}</UniqueIdentifier>
    </Filter>
    <Filter Include="Views">
      <UniqueIdentifier>{6829ae9d-a2b7-4a4a-9754-b7733684bc75}</UniqueIdentifier>
    </Filter>
    <Filter Include="Widgets">
      <UniqueIdentifier>{a1ed6f58-c9d0-4fba-afa1-62d08b026f6b}</UniqueIdentifier>
    </Filter>
    <Filter Include="Commands Executor">
      <UniqueIdentifier>{0697837a-3a07-4410-96c5-d695e8c8ff04}</UniqueIdentifier>
    </Filter>
    <Filter Include="View Mode">
      <UniqueIdentifier>{550dd4ae-e190-45df-bffa-27b883d1f803}</UniqueIdentifier>
    </Filter>
    <Filter Include="Landscape Viewer">
      <UniqueIdentifier>{a88b0280-8e57-41d5-98e1-ad694c0477c3}</UniqueIdentifier>
    </Filter>
  </ItemGroup>
  <ItemGroup>
    <ClCompile Include="sources\ph\lv_ph.cpp">
      <Filter>Precompiled Header</Filter>
    </ClCompile>
    <ClCompile Include="sources\plugin\lv_plugin_instance.cpp">
      <Filter>Plugin</Filter>
    </ClCompile>
    <ClCompile Include="sources\internal_resources\lv_internal_resources.cpp">
      <Filter>Internal Resources</Filter>
    </ClCompile>
    <ClCompile Include="sources\environment\lv_environment.cpp">
      <Filter>Environment</Filter>
    </ClCompile>
    <ClCompile Include="sources\commands\lv_base_command.cpp">
      <Filter>Commands</Filter>
    </ClCompile>
    <ClCompile Include="sources\landscape_viewer\lv_landscape_viewer.cpp">
      <Filter>Landscape Viewer</Filter>
    </ClCompile>
    <ClCompile Include="sources\views\lv_description_view.cpp">
      <Filter>Views</Filter>
    </ClCompile>
    <ClCompile Include="sources\views\lv_editor_view.cpp">
      <Filter>Views</Filter>
    </ClCompile>
    <ClCompile Include="sources\views\lv_landscape_view.cpp">
      <Filter>Views</Filter>
    </ClCompile>
    <ClCompile Include="sources\views\lv_minimap_view.cpp">
      <Filter>Views</Filter>
    </ClCompile>
    <ClCompile Include="sources\views\lv_objects_view.cpp">
      <Filter>Views</Filter>
    </ClCompile>
    <ClCompile Include="sources\widgets\lv_landscape_editor_scene.cpp">
      <Filter>Widgets</Filter>
    </ClCompile>
    <ClCompile Include="sources\widgets\lv_landscape_editor_widget.cpp">
      <Filter>Widgets</Filter>
    </ClCompile>
    <ClCompile Include="sources\widgets\lv_landscape_scene.cpp">
      <Filter>Widgets</Filter>
    </ClCompile>
    <ClCompile Include="sources\widgets\lv_landscape_widget.cpp">
      <Filter>Widgets</Filter>
    </ClCompile>
    <ClCompile Include="sources\widgets\lv_minimap_widget.cpp">
      <Filter>Widgets</Filter>
    </ClCompile>
    <ClCompile Include="sources\commands\lv_commands.cpp">
      <Filter>Commands</Filter>
    </ClCompile>
    <ClCompile Include="sources\view_mode\lv_editing_mode.cpp">
      <Filter>View Mode</Filter>
    </ClCompile>
    <ClCompile Include="sources\view_mode\lv_playing_mode.cpp">
      <Filter>View Mode</Filter>
    </ClCompile>
    <ClCompile Include="sources\commands_executor\lv_commands_executor.cpp">
      <Filter>Commands Executor</Filter>
    </ClCompile>
    <ClCompile Include="sources\view_mode\lv_base_mode.cpp">
      <Filter>View Mode</Filter>
    </ClCompile>
  </ItemGroup>
  <ItemGroup>
    <ClInclude Include="sources\ph\lv_ph.hpp">
      <Filter>Precompiled Header</Filter>
    </ClInclude>
    <ClInclude Include="sources\plugin\lv_plugin_instance.hpp">
      <Filter>Plugin</Filter>
    </ClInclude>
    <ClInclude Include="sources\internal_resources\lv_internal_resources.hpp">
      <Filter>Internal Resources</Filter>
    </ClInclude>
    <ClInclude Include="sources\environment\lv_environment.hpp">
      <Filter>Environment</Filter>
    </ClInclude>
    <ClInclude Include="sources\environment\lv_ienvironment.hpp">
      <Filter>Environment</Filter>
    </ClInclude>
    <ClInclude Include="sources\commands\lv_base_command.hpp">
      <Filter>Commands</Filter>
    </ClInclude>
    <ClInclude Include="sources\landscape_viewer\lv_ilandscape_viewer.hpp">
      <Filter>Landscape Viewer</Filter>
    </ClInclude>
    <ClInclude Include="sources\landscape_viewer\lv_landscape_viewer.hpp">
      <Filter>Landscape Viewer</Filter>
    </ClInclude>
    <ClInclude Include="sources\views\lv_description_view.hpp">
      <Filter>Views</Filter>
    </ClInclude>
    <ClInclude Include="sources\views\lv_landscape_view.hpp">
      <Filter>Views</Filter>
    </ClInclude>
    <ClInclude Include="sources\widgets\lv_landscape_scene.hpp">
      <Filter>Widgets</Filter>
    </ClInclude>
    <ClInclude Include="sources\widgets\lv_landscape_widget.hpp">
      <Filter>Widgets</Filter>
    </ClInclude>
    <ClInclude Include="sources\commands_executor\lv_icommands_executor.hpp">
      <Filter>Commands Executor</Filter>
    </ClInclude>
    <ClInclude Include="sources\commands\lv_commands.hpp">
      <Filter>Commands</Filter>
    </ClInclude>
    <ClInclude Include="sources\view_mode\lv_editing_mode.hpp">
      <Filter>View Mode</Filter>
    </ClInclude>
    <ClInclude Include="sources\view_mode\lv_iview_mode.hpp">
      <Filter>View Mode</Filter>
    </ClInclude>
    <ClInclude Include="sources\view_mode\lv_playing_mode.hpp">
      <Filter>View Mode</Filter>
    </ClInclude>
    <ClInclude Include="sources\commands_executor\lv_commands_executor.hpp">
      <Filter>Commands Executor</Filter>
    </ClInclude>
    <ClInclude Include="sources\view_mode\lv_base_mode.hpp">
      <Filter>View Mode</Filter>
    </ClInclude>
  </ItemGroup>
  <ItemGroup>
    <CustomBuild Include="sources\widgets\lv_minimap_widget.hpp">
      <Filter>Widgets</Filter>
    </CustomBuild>
    <CustomBuild Include="sources\widgets\lv_landscape_editor_widget.hpp">
      <Filter>Widgets</Filter>
    </CustomBuild>
    <CustomBuild Include="sources\widgets\lv_landscape_editor_scene.hpp">
      <Filter>Widgets</Filter>
    </CustomBuild>
    <CustomBuild Include="sources\views\lv_objects_view.hpp">
      <Filter>Views</Filter>
    </CustomBuild>
    <CustomBuild Include="sources\views\lv_minimap_view.hpp">
      <Filter>Views</Filter>
    </CustomBuild>
    <CustomBuild Include="sources\views\lv_editor_view.hpp">
      <Filter>Views</Filter>
    </CustomBuild>
  </ItemGroup>
</Project>