<?xml version="1.0" encoding="utf-8"?>
<Project ToolsVersion="4.0" xmlns="http://schemas.microsoft.com/developer/msbuild/2003">
  <ItemGroup>
    <Filter Include="Precompiled Header">
      <UniqueIdentifier>{5a56f301-7b6e-4df6-93cc-66768d2ea929}</UniqueIdentifier>
    </Filter>
    <Filter Include="External Headers">
      <UniqueIdentifier>{1f49a1a9-dc19-4537-a949-b59ce89cb3d7}</UniqueIdentifier>
    </Filter>
    <Filter Include="Plugin">
      <UniqueIdentifier>{e519e264-64e4-427e-bca4-9ae4cf04727f}</UniqueIdentifier>
    </Filter>
    <Filter Include="Window Manager">
      <UniqueIdentifier>{cf0b3a76-f098-4b25-8a4a-c51220724598}</UniqueIdentifier>
    </Filter>
  </ItemGroup>
  <ItemGroup>
    <ClCompile Include="sources\ph\wm_ph.cpp">
      <Filter>Precompiled Header</Filter>
    </ClCompile>
    <ClCompile Include="sources\plugin\wm_plugin_instance.cpp">
      <Filter>Plugin</Filter>
    </ClCompile>
  </ItemGroup>
  <ItemGroup>
    <ClInclude Include="sources\ph\wm_ph.hpp">
      <Filter>Precompiled Header</Filter>
    </ClInclude>
    <ClInclude Include="h\wm_plugin_id.hpp">
      <Filter>External Headers</Filter>
    </ClInclude>
    <ClInclude Include="sources\plugin\wm_plugin_instance.hpp">
      <Filter>Plugin</Filter>
    </ClInclude>
  </ItemGroup>
</Project>