<?xml version="1.0" encoding="utf-8"?>
<Project ToolsVersion="4.0" xmlns="http://schemas.microsoft.com/developer/msbuild/2003">
  <ItemGroup>
    <Filter Include="Precompiled Header">
      <UniqueIdentifier>{22ab33d3-e8a5-43c6-8d8d-57a014a7a4e2}</UniqueIdentifier>
    </Filter>
    <Filter Include="Plugin">
      <UniqueIdentifier>{c2203fd0-badd-4e24-a77e-68b147ae7f68}</UniqueIdentifier>
    </Filter>
    <Filter Include="Main View">
      <UniqueIdentifier>{c1512a3c-cf7e-4398-95f2-b7b4bab2ff17}</UniqueIdentifier>
    </Filter>
    <Filter Include="Internal Resources">
      <UniqueIdentifier>{dbad4c5a-0abb-4aae-892b-8cf3a7f7cfcd}</UniqueIdentifier>
    </Filter>
    <Filter Include="Console Messenger">
      <UniqueIdentifier>{7086098b-7328-4214-b4f6-eacddbda6dc0}</UniqueIdentifier>
    </Filter>
    <Filter Include="External Headers">
      <UniqueIdentifier>{7a8474e0-4d9a-4c7f-bcbc-1c7eda22b20c}</UniqueIdentifier>
    </Filter>
  </ItemGroup>
  <ItemGroup>
    <ClCompile Include="sources\ph\con_ph.cpp">
      <Filter>Precompiled Header</Filter>
    </ClCompile>
    <ClCompile Include="sources\plugin\con_plugin_instance.cpp">
      <Filter>Plugin</Filter>
    </ClCompile>
    <ClCompile Include="sources\main_view\con_main_view.cpp">
      <Filter>Main View</Filter>
    </ClCompile>
    <ClCompile Include="sources\resources\con_internal_resources.cpp">
      <Filter>Internal Resources</Filter>
    </ClCompile>
    <ClCompile Include="sources\console_messenger\con_console_messenger.cpp">
      <Filter>Console Messenger</Filter>
    </ClCompile>
  </ItemGroup>
  <ItemGroup>
    <ClInclude Include="sources\ph\con_ph.hpp">
      <Filter>Precompiled Header</Filter>
    </ClInclude>
    <ClInclude Include="sources\plugin\con_plugin_instance.hpp">
      <Filter>Plugin</Filter>
    </ClInclude>
    <ClInclude Include="sources\main_view\con_main_view.hpp">
      <Filter>Main View</Filter>
    </ClInclude>
    <ClInclude Include="sources\resources\con_internal_resources.hpp">
      <Filter>Internal Resources</Filter>
    </ClInclude>
    <ClInclude Include="sources\console_messenger\con_console_messenger.hpp">
      <Filter>Console Messenger</Filter>
    </ClInclude>
    <ClInclude Include="h\con_plugin_id.hpp">
      <Filter>External Headers</Filter>
    </ClInclude>
  </ItemGroup>
</Project>