<?xml version="1.0" encoding="utf-8"?>
<Project ToolsVersion="4.0" xmlns="http://schemas.microsoft.com/developer/msbuild/2003">
  <ItemGroup>
    <Filter Include="Precompiled Header">
      <UniqueIdentifier>{d346cf84-1029-4b9b-8628-15e84de4de2f}</UniqueIdentifier>
    </Filter>
    <Filter Include="Interfaces">
      <UniqueIdentifier>{8f4466e9-401e-40a6-b4a4-fab93e7a838d}</UniqueIdentifier>
    </Filter>
    <Filter Include="Actions">
      <UniqueIdentifier>{aa49db82-303c-4bdf-9fae-dc11a79be4c0}</UniqueIdentifier>
    </Filter>
    <Filter Include="Game Manager">
      <UniqueIdentifier>{9a161037-d70c-468b-970e-0d7f0001555c}</UniqueIdentifier>
    </Filter>
    <Filter Include="External Headers">
      <UniqueIdentifier>{8e552adf-9fd1-4ae2-a0a0-85cb5ac05d00}</UniqueIdentifier>
    </Filter>
    <Filter Include="Environment">
      <UniqueIdentifier>{6207495e-4f81-489d-b651-46c7c2e81ed7}</UniqueIdentifier>
    </Filter>
    <Filter Include="Plugin">
      <UniqueIdentifier>{6cd0b37f-14f5-4aea-8bd5-c051af4b883e}</UniqueIdentifier>
    </Filter>
    <Filter Include="Actions Queue">
      <UniqueIdentifier>{c24f7f15-2845-464b-86ca-a3a1c2ed1dec}</UniqueIdentifier>
    </Filter>
  </ItemGroup>
  <ItemGroup>
    <ClCompile Include="sources\ph\gm_ph.cpp">
      <Filter>Precompiled Header</Filter>
    </ClCompile>
    <ClCompile Include="sources\plugin\gm_plugin_instance.cpp">
      <Filter>Plugin</Filter>
    </ClCompile>
    <ClCompile Include="sources\game_manager\gm_game_manager.cpp">
      <Filter>Game Manager</Filter>
    </ClCompile>
    <ClCompile Include="sources\environment\gm_environment.cpp">
      <Filter>Environment</Filter>
    </ClCompile>
    <ClCompile Include="sources\actions_queue\gm_actions_queue.cpp">
      <Filter>Actions Queue</Filter>
    </ClCompile>
    <ClCompile Include="sources\actions\gm_move_items_action.cpp">
      <Filter>Actions</Filter>
    </ClCompile>
    <ClCompile Include="sources\actions\gm_select_items_action.cpp">
      <Filter>Actions</Filter>
    </ClCompile>
    <ClCompile Include="sources\actions\gm_base_action.cpp">
      <Filter>Actions</Filter>
    </ClCompile>
  </ItemGroup>
  <ItemGroup>
    <ClInclude Include="sources\ph\gm_ph.hpp">
      <Filter>Precompiled Header</Filter>
    </ClInclude>
    <ClInclude Include="sources\plugin\gm_plugin_instance.hpp">
      <Filter>Plugin</Filter>
    </ClInclude>
    <ClInclude Include="ih\gm_igame_manager.hpp">
      <Filter>Interfaces</Filter>
    </ClInclude>
    <ClInclude Include="sources\actions\gm_iaction.hpp">
      <Filter>Actions</Filter>
    </ClInclude>
    <ClInclude Include="sources\game_manager\gm_game_manager.hpp">
      <Filter>Game Manager</Filter>
    </ClInclude>
    <ClInclude Include="h\gm_plugin_id.hpp">
      <Filter>External Headers</Filter>
    </ClInclude>
    <ClInclude Include="sources\environment\gm_environment.hpp">
      <Filter>Environment</Filter>
    </ClInclude>
    <ClInclude Include="sources\environment\gm_ienvironment.hpp">
      <Filter>Environment</Filter>
    </ClInclude>
    <ClInclude Include="sources\actions_queue\gm_actions_queue.hpp">
      <Filter>Actions Queue</Filter>
    </ClInclude>
    <ClInclude Include="sources\actions_queue\gm_iactions_queue.hpp">
      <Filter>Actions Queue</Filter>
    </ClInclude>
    <ClInclude Include="sources\actions\gm_move_items_action.hpp">
      <Filter>Actions</Filter>
    </ClInclude>
    <ClInclude Include="sources\actions\gm_select_items_action.hpp">
      <Filter>Actions</Filter>
    </ClInclude>
    <ClInclude Include="sources\actions\gm_base_action.hpp">
      <Filter>Actions</Filter>
    </ClInclude>
  </ItemGroup>
</Project>