<?xml version="1.0" encoding="utf-8"?>
<Project ToolsVersion="4.0" xmlns="http://schemas.microsoft.com/developer/msbuild/2003">
  <ItemGroup>
    <Filter Include="Precompiled Header">
      <UniqueIdentifier>{d346cf84-1029-4b9b-8628-15e84de4de2f}</UniqueIdentifier>
    </Filter>
    <Filter Include="Interfaces">
      <UniqueIdentifier>{8f4466e9-401e-40a6-b4a4-fab93e7a838d}</UniqueIdentifier>
    </Filter>
    <Filter Include="Plugin">
      <UniqueIdentifier>{6cd0b37f-14f5-4aea-8bd5-c051af4b883e}</UniqueIdentifier>
    </Filter>
    <Filter Include="Multithreading Manager">
      <UniqueIdentifier>{88f04be1-9ae2-4761-b194-4bcd4692c7fe}</UniqueIdentifier>
    </Filter>
    <Filter Include="External Headers">
      <UniqueIdentifier>{4584fa3a-8a97-4c81-90a5-0cb2491b083b}</UniqueIdentifier>
    </Filter>
    <Filter Include="Runnable">
      <UniqueIdentifier>{1681e637-7727-49bc-8b3d-2afa21088beb}</UniqueIdentifier>
    </Filter>
    <Filter Include="Worker">
      <UniqueIdentifier>{c8647747-90e3-4085-a2a1-fd39d0fd5dc8}</UniqueIdentifier>
    </Filter>
  </ItemGroup>
  <ItemGroup>
    <ClCompile Include="sources\ph\mm_ph.cpp">
      <Filter>Precompiled Header</Filter>
    </ClCompile>
    <ClCompile Include="sources\plugin\mm_plugin_instance.cpp">
      <Filter>Plugin</Filter>
    </ClCompile>
    <ClCompile Include="sources\multithreading_manager\mm_multithreading_manager.cpp">
      <Filter>Multithreading Manager</Filter>
    </ClCompile>
    <ClCompile Include="sources\runnable\mm_runnable.cpp">
      <Filter>Runnable</Filter>
    </ClCompile>
    <ClCompile Include="sources\worker\mm_worker.cpp">
      <Filter>Worker</Filter>
    </ClCompile>
  </ItemGroup>
  <ItemGroup>
    <ClInclude Include="sources\ph\mm_ph.hpp">
      <Filter>Precompiled Header</Filter>
    </ClInclude>
    <ClInclude Include="ih\mm_ithread_object.hpp">
      <Filter>Interfaces</Filter>
    </ClInclude>
    <ClInclude Include="sources\plugin\mm_plugin_instance.hpp">
      <Filter>Plugin</Filter>
    </ClInclude>
    <ClInclude Include="ih\mm_imultithreading_manager.hpp">
      <Filter>Interfaces</Filter>
    </ClInclude>
    <ClInclude Include="h\mm_plugin_id.hpp">
      <Filter>External Headers</Filter>
    </ClInclude>
    <ClInclude Include="sources\runnable\mm_runnable.hpp">
      <Filter>Runnable</Filter>
    </ClInclude>
    <ClInclude Include="h\mm_runnable_function.hpp">
      <Filter>External Headers</Filter>
    </ClInclude>
    <ClInclude Include="sources\multithreading_manager\mm_multithreading_manager.hpp">
      <Filter>Multithreading Manager</Filter>
    </ClInclude>
  </ItemGroup>
  <ItemGroup>
    <CustomBuild Include="sources\worker\mm_worker.hpp">
      <Filter>Worker</Filter>
    </CustomBuild>
  </ItemGroup>
</Project>