<?xml version="1.0" encoding="utf-8"?>
<Project ToolsVersion="4.0" xmlns="http://schemas.microsoft.com/developer/msbuild/2003">
  <ItemGroup>
    <Filter Include="Precompiled Header">
      <UniqueIdentifier>{333b11c5-f8ed-4fcb-b785-beb4ec916dc0}</UniqueIdentifier>
    </Filter>
    <Filter Include="Plugin">
      <UniqueIdentifier>{8a3808b4-e46f-4584-a8a4-3cdc619d1494}</UniqueIdentifier>
    </Filter>
    <Filter Include="Internal Resources">
      <UniqueIdentifier>{389e6530-0e7a-45c9-a9ca-34bed5c812e8}</UniqueIdentifier>
    </Filter>
    <Filter Include="Commands">
      <UniqueIdentifier>{7bfb69b5-7de2-4150-bd7c-f33ab5b8cc48}</UniqueIdentifier>
    </Filter>
    <Filter Include="Environment">
      <UniqueIdentifier>{edf05321-ab3d-4159-a5f3-ff51746000b6}</UniqueIdentifier>
    </Filter>
    <Filter Include="Viewes">
      <UniqueIdentifier>{0dc068cb-46b2-4db1-a1bf-62ec3a7982f2}</UniqueIdentifier>
    </Filter>
    <Filter Include="Landscape Editor Controller">
      <UniqueIdentifier>{516429fd-2913-441c-b841-98a2a7bb5c14}</UniqueIdentifier>
    </Filter>
  </ItemGroup>
  <ItemGroup>
    <ClCompile Include="sources\ph\le_ph.cpp">
      <Filter>Precompiled Header</Filter>
    </ClCompile>
    <ClCompile Include="sources\plugin\le_plugin_instance.cpp">
      <Filter>Plugin</Filter>
    </ClCompile>
    <ClCompile Include="sources\internal_resources\le_internal_resources.cpp">
      <Filter>Internal Resources</Filter>
    </ClCompile>
    <ClCompile Include="sources\commands\le_close_landscape_command.cpp">
      <Filter>Commands</Filter>
    </ClCompile>
    <ClCompile Include="sources\commands\le_open_landscape_command.cpp">
      <Filter>Commands</Filter>
    </ClCompile>
    <ClCompile Include="sources\commands\le_save_landscape_command.cpp">
      <Filter>Commands</Filter>
    </ClCompile>
    <ClCompile Include="sources\commands\le_new_landscape_command.cpp">
      <Filter>Commands</Filter>
    </ClCompile>
    <ClCompile Include="sources\environment\le_environment.cpp">
      <Filter>Environment</Filter>
    </ClCompile>
    <ClCompile Include="sources\commands\le_base_command.cpp">
      <Filter>Commands</Filter>
    </ClCompile>
    <ClCompile Include="sources\views\le_description_view.cpp">
      <Filter>Viewes</Filter>
    </ClCompile>
    <ClCompile Include="sources\views\le_editor_view.cpp">
      <Filter>Viewes</Filter>
    </ClCompile>
    <ClCompile Include="sources\views\le_objects_view.cpp">
      <Filter>Viewes</Filter>
    </ClCompile>
    <ClCompile Include="sources\landscape_editor_controller\le_landscape_editor_controller.cpp">
      <Filter>Landscape Editor Controller</Filter>
    </ClCompile>
    <ClCompile Include="sources\commands\le_save_as_landscape_command.cpp">
      <Filter>Commands</Filter>
    </ClCompile>
  </ItemGroup>
  <ItemGroup>
    <ClInclude Include="sources\ph\le_ph.hpp">
      <Filter>Precompiled Header</Filter>
    </ClInclude>
    <ClInclude Include="sources\plugin\le_plugin_instance.hpp">
      <Filter>Plugin</Filter>
    </ClInclude>
    <ClInclude Include="sources\internal_resources\le_internal_resources.hpp">
      <Filter>Internal Resources</Filter>
    </ClInclude>
    <ClInclude Include="sources\commands\le_close_landscape_command.hpp">
      <Filter>Commands</Filter>
    </ClInclude>
    <ClInclude Include="sources\commands\le_open_landscape_command.hpp">
      <Filter>Commands</Filter>
    </ClInclude>
    <ClInclude Include="sources\commands\le_save_landscape_command.hpp">
      <Filter>Commands</Filter>
    </ClInclude>
    <ClInclude Include="sources\commands\le_new_landscape_command.hpp">
      <Filter>Commands</Filter>
    </ClInclude>
    <ClInclude Include="sources\environment\le_environment.hpp">
      <Filter>Environment</Filter>
    </ClInclude>
    <ClInclude Include="sources\environment\le_ienvironment.hpp">
      <Filter>Environment</Filter>
    </ClInclude>
    <ClInclude Include="sources\commands\le_base_command.hpp">
      <Filter>Commands</Filter>
    </ClInclude>
    <ClInclude Include="sources\views\le_description_view.hpp">
      <Filter>Viewes</Filter>
    </ClInclude>
    <ClInclude Include="sources\views\le_editor_view.hpp">
      <Filter>Viewes</Filter>
    </ClInclude>
    <ClInclude Include="sources\views\le_objects_view.hpp">
      <Filter>Viewes</Filter>
    </ClInclude>
    <ClInclude Include="sources\views\le_ilandscape_editor_view.hpp">
      <Filter>Viewes</Filter>
    </ClInclude>
    <ClInclude Include="sources\landscape_editor_controller\le_ilandscape_editor_controller.hpp">
      <Filter>Landscape Editor Controller</Filter>
    </ClInclude>
    <ClInclude Include="sources\landscape_editor_controller\le_landscape_editor_controller.hpp">
      <Filter>Landscape Editor Controller</Filter>
    </ClInclude>
    <ClInclude Include="sources\commands\le_save_as_landscape_command.hpp">
      <Filter>Commands</Filter>
    </ClInclude>
  </ItemGroup>
</Project>