<?xml version="1.0" encoding="utf-8"?>
<Project ToolsVersion="4.0" xmlns="http://schemas.microsoft.com/developer/msbuild/2003">
  <ItemGroup>
    <Filter Include="Precompiled Header">
      <UniqueIdentifier>{333b11c5-f8ed-4fcb-b785-beb4ec916dc0}</UniqueIdentifier>
    </Filter>
    <Filter Include="Plugin">
      <UniqueIdentifier>{8a3808b4-e46f-4584-a8a4-3cdc619d1494}</UniqueIdentifier>
    </Filter>
    <Filter Include="Internal Resources">
      <UniqueIdentifier>{389e6530-0e7a-45c9-a9ca-34bed5c812e8}</UniqueIdentifier>
    </Filter>
    <Filter Include="Commands">
      <UniqueIdentifier>{7bfb69b5-7de2-4150-bd7c-f33ab5b8cc48}</UniqueIdentifier>
    </Filter>
    <Filter Include="Environment">
      <UniqueIdentifier>{edf05321-ab3d-4159-a5f3-ff51746000b6}</UniqueIdentifier>
    </Filter>
    <Filter Include="Viewes">
      <UniqueIdentifier>{0dc068cb-46b2-4db1-a1bf-62ec3a7982f2}</UniqueIdentifier>
    </Filter>
    <Filter Include="Landscape Editor Controller">
      <UniqueIdentifier>{516429fd-2913-441c-b841-98a2a7bb5c14}</UniqueIdentifier>
    </Filter>
    <Filter Include="Minimap Widget">
      <UniqueIdentifier>{6ca7325c-3d1e-4cc7-a951-856a87008aae}</UniqueIdentifier>
    </Filter>
    <Filter Include="Landscape Scene">
      <UniqueIdentifier>{062b150e-430c-491e-bb58-eca09be2e5b5}</UniqueIdentifier>
    </Filter>
    <Filter Include="Views Mediator">
      <UniqueIdentifier>{2793899a-4c4d-49b5-94dd-81a4ab3cfd29}</UniqueIdentifier>
    </Filter>
    <Filter Include="Landscape View">
      <UniqueIdentifier>{cfc7ae9d-8ecb-45b3-b5f5-6936f8540275}</UniqueIdentifier>
    </Filter>
  </ItemGroup>
  <ItemGroup>
    <ClCompile Include="sources\ph\le_ph.cpp">
      <Filter>Precompiled Header</Filter>
    </ClCompile>
    <ClCompile Include="sources\plugin\le_plugin_instance.cpp">
      <Filter>Plugin</Filter>
    </ClCompile>
    <ClCompile Include="sources\internal_resources\le_internal_resources.cpp">
      <Filter>Internal Resources</Filter>
    </ClCompile>
    <ClCompile Include="sources\commands\le_close_landscape_command.cpp">
      <Filter>Commands</Filter>
    </ClCompile>
    <ClCompile Include="sources\commands\le_open_landscape_command.cpp">
      <Filter>Commands</Filter>
    </ClCompile>
    <ClCompile Include="sources\commands\le_save_landscape_command.cpp">
      <Filter>Commands</Filter>
    </ClCompile>
    <ClCompile Include="sources\commands\le_new_landscape_command.cpp">
      <Filter>Commands</Filter>
    </ClCompile>
    <ClCompile Include="sources\environment\le_environment.cpp">
      <Filter>Environment</Filter>
    </ClCompile>
    <ClCompile Include="sources\commands\le_base_command.cpp">
      <Filter>Commands</Filter>
    </ClCompile>
    <ClCompile Include="sources\views\le_description_view.cpp">
      <Filter>Viewes</Filter>
    </ClCompile>
    <ClCompile Include="sources\views\le_editor_view.cpp">
      <Filter>Viewes</Filter>
    </ClCompile>
    <ClCompile Include="sources\views\le_objects_view.cpp">
      <Filter>Viewes</Filter>
    </ClCompile>
    <ClCompile Include="sources\landscape_editor_controller\le_landscape_editor_controller.cpp">
      <Filter>Landscape Editor Controller</Filter>
    </ClCompile>
    <ClCompile Include="sources\commands\le_save_as_landscape_command.cpp">
      <Filter>Commands</Filter>
    </ClCompile>
    <ClCompile Include="sources\views\le_minimap_view.cpp">
      <Filter>Viewes</Filter>
    </ClCompile>
    <ClCompile Include="sources\minimap_widget\le_minimap_widget.cpp">
      <Filter>Minimap Widget</Filter>
    </ClCompile>
    <ClCompile Include="sources\landscape_scene\le_landscape_scene.cpp">
      <Filter>Landscape Scene</Filter>
    </ClCompile>
    <ClCompile Include="sources\views_mediator\le_views_mediator.cpp">
      <Filter>Views Mediator</Filter>
    </ClCompile>
    <ClCompile Include="sources\landscape_view\le_landscape_view.cpp">
      <Filter>Landscape View</Filter>
    </ClCompile>
  </ItemGroup>
  <ItemGroup>
    <ClInclude Include="sources\ph\le_ph.hpp">
      <Filter>Precompiled Header</Filter>
    </ClInclude>
    <ClInclude Include="sources\plugin\le_plugin_instance.hpp">
      <Filter>Plugin</Filter>
    </ClInclude>
    <ClInclude Include="sources\internal_resources\le_internal_resources.hpp">
      <Filter>Internal Resources</Filter>
    </ClInclude>
    <ClInclude Include="sources\commands\le_close_landscape_command.hpp">
      <Filter>Commands</Filter>
    </ClInclude>
    <ClInclude Include="sources\commands\le_open_landscape_command.hpp">
      <Filter>Commands</Filter>
    </ClInclude>
    <ClInclude Include="sources\commands\le_save_landscape_command.hpp">
      <Filter>Commands</Filter>
    </ClInclude>
    <ClInclude Include="sources\commands\le_new_landscape_command.hpp">
      <Filter>Commands</Filter>
    </ClInclude>
    <ClInclude Include="sources\environment\le_environment.hpp">
      <Filter>Environment</Filter>
    </ClInclude>
    <ClInclude Include="sources\environment\le_ienvironment.hpp">
      <Filter>Environment</Filter>
    </ClInclude>
    <ClInclude Include="sources\commands\le_base_command.hpp">
      <Filter>Commands</Filter>
    </ClInclude>
    <ClInclude Include="sources\views\le_description_view.hpp">
      <Filter>Viewes</Filter>
    </ClInclude>
    <ClInclude Include="sources\views\le_editor_view.hpp">
      <Filter>Viewes</Filter>
    </ClInclude>
    <ClInclude Include="sources\landscape_editor_controller\le_ilandscape_editor_controller.hpp">
      <Filter>Landscape Editor Controller</Filter>
    </ClInclude>
    <ClInclude Include="sources\landscape_editor_controller\le_landscape_editor_controller.hpp">
      <Filter>Landscape Editor Controller</Filter>
    </ClInclude>
    <ClInclude Include="sources\commands\le_save_as_landscape_command.hpp">
      <Filter>Commands</Filter>
    </ClInclude>
    <ClInclude Include="sources\views\le_minimap_view.hpp">
      <Filter>Viewes</Filter>
    </ClInclude>
    <ClInclude Include="sources\views\le_ibase_view.hpp">
      <Filter>Viewes</Filter>
    </ClInclude>
  </ItemGroup>
  <ItemGroup>
    <CustomBuild Include="sources\landscape_scene\le_landscape_scene.hpp">
      <Filter>Landscape Scene</Filter>
    </CustomBuild>
    <CustomBuild Include="sources\minimap_widget\le_minimap_widget.hpp">
      <Filter>Minimap Widget</Filter>
    </CustomBuild>
    <CustomBuild Include="sources\views_mediator\le_views_mediator.hpp">
      <Filter>Views Mediator</Filter>
    </CustomBuild>
    <CustomBuild Include="sources\landscape_view\le_landscape_view.hpp">
      <Filter>Landscape View</Filter>
    </CustomBuild>
    <CustomBuild Include="sources\views\le_objects_view.hpp">
      <Filter>Viewes</Filter>
    </CustomBuild>
  </ItemGroup>
</Project>