<?xml version="1.0" encoding="utf-8"?>
<Project ToolsVersion="4.0" xmlns="http://schemas.microsoft.com/developer/msbuild/2003">
  <ItemGroup>
    <Filter Include="External Headers">
      <UniqueIdentifier>{97f69739-2725-4b61-afa2-79c8d940c3a6}</UniqueIdentifier>
    </Filter>
    <Filter Include="Interfaces">
      <UniqueIdentifier>{7f01cd76-1da9-4e4a-b55b-7989a64a0e94}</UniqueIdentifier>
    </Filter>
    <Filter Include="Plugin">
      <UniqueIdentifier>{4921d050-33b6-414f-a3bf-c273a0086e2e}</UniqueIdentifier>
    </Filter>
    <Filter Include="Precompiled Header">
      <UniqueIdentifier>{c6c97039-e3b3-4689-b11f-ffdf1a7e7e7b}</UniqueIdentifier>
    </Filter>
    <Filter Include="Connector Loader">
      <UniqueIdentifier>{be14b347-f02b-483f-8d07-8baeb5cd1300}</UniqueIdentifier>
    </Filter>
    <Filter Include="Internal Resources">
      <UniqueIdentifier>{d1f7e787-a551-4d8d-ac89-2f640fab46c2}</UniqueIdentifier>
    </Filter>
  </ItemGroup>
  <ItemGroup>
    <ClInclude Include="h\cn_base.hpp">
      <Filter>External Headers</Filter>
    </ClInclude>
    <ClInclude Include="h\cn_export.hpp">
      <Filter>External Headers</Filter>
    </ClInclude>
    <ClInclude Include="ih\cn_ibase.hpp">
      <Filter>Interfaces</Filter>
    </ClInclude>
    <ClInclude Include="ih\cn_iplugin.hpp">
      <Filter>Interfaces</Filter>
    </ClInclude>
    <ClInclude Include="sources\plugin\cn_plugin_instance.hpp">
      <Filter>Plugin</Filter>
    </ClInclude>
    <ClInclude Include="sources\ph\cn_ph.hpp">
      <Filter>Precompiled Header</Filter>
    </ClInclude>
    <ClInclude Include="h\cn_plugin_factory.hpp">
      <Filter>External Headers</Filter>
    </ClInclude>
    <ClInclude Include="ih\cn_iloader.hpp">
      <Filter>Interfaces</Filter>
    </ClInclude>
    <ClInclude Include="sources\loader\cn_loader.hpp">
      <Filter>Connector Loader</Filter>
    </ClInclude>
    <ClInclude Include="sources\resources\cn_internal_resources.hpp">
      <Filter>Internal Resources</Filter>
    </ClInclude>
  </ItemGroup>
  <ItemGroup>
    <ClCompile Include="sources\plugin\cn_plugin_instance.cpp">
      <Filter>Plugin</Filter>
    </ClCompile>
    <ClCompile Include="sources\ph\cn_ph.cpp">
      <Filter>Precompiled Header</Filter>
    </ClCompile>
    <ClCompile Include="sources\loader\cn_loader.cpp">
      <Filter>Connector Loader</Filter>
    </ClCompile>
    <ClCompile Include="sources\resources\cn_internal_resources.cpp">
      <Filter>Internal Resources</Filter>
    </ClCompile>
  </ItemGroup>
</Project>