<?xml version="1.0" encoding="utf-8"?>
<Project ToolsVersion="4.0" xmlns="http://schemas.microsoft.com/developer/msbuild/2003">
  <ItemGroup>
    <Filter Include="External Headers">
      <UniqueIdentifier>{97f69739-2725-4b61-afa2-79c8d940c3a6}</UniqueIdentifier>
    </Filter>
    <Filter Include="Interfaces">
      <UniqueIdentifier>{7f01cd76-1da9-4e4a-b55b-7989a64a0e94}</UniqueIdentifier>
    </Filter>
    <Filter Include="Plugin">
      <UniqueIdentifier>{4921d050-33b6-414f-a3bf-c273a0086e2e}</UniqueIdentifier>
    </Filter>
  </ItemGroup>
  <ItemGroup>
    <ClInclude Include="h\cn_base.hpp">
      <Filter>External Headers</Filter>
    </ClInclude>
    <ClInclude Include="h\cn_export.hpp">
      <Filter>External Headers</Filter>
    </ClInclude>
    <ClInclude Include="ih\cn_ibase.hpp">
      <Filter>Interfaces</Filter>
    </ClInclude>
    <ClInclude Include="ih\cn_iplugin.hpp">
      <Filter>Interfaces</Filter>
    </ClInclude>
    <ClInclude Include="sources\plugin\cn_plugin_instance.hpp">
      <Filter>Plugin</Filter>
    </ClInclude>
  </ItemGroup>
  <ItemGroup>
    <ClCompile Include="sources\plugin\cn_plugin_instance.cpp">
      <Filter>Plugin</Filter>
    </ClCompile>
  </ItemGroup>
</Project>