<?xml version="1.0" encoding="utf-8"?>
<Project ToolsVersion="4.0" xmlns="http://schemas.microsoft.com/developer/msbuild/2003">
  <ItemGroup>
    <Filter Include="Precompiled Header">
      <UniqueIdentifier>{d346cf84-1029-4b9b-8628-15e84de4de2f}</UniqueIdentifier>
    </Filter>
    <Filter Include="Interfaces">
      <UniqueIdentifier>{8f4466e9-401e-40a6-b4a4-fab93e7a838d}</UniqueIdentifier>
    </Filter>
    <Filter Include="Plugin">
      <UniqueIdentifier>{6cd0b37f-14f5-4aea-8bd5-c051af4b883e}</UniqueIdentifier>
    </Filter>
    <Filter Include="Connection Manager">
      <UniqueIdentifier>{61802ea6-3d8e-4ddb-9404-fa1b8538c98c}</UniqueIdentifier>
    </Filter>
    <Filter Include="Udp Connection">
      <UniqueIdentifier>{12e4701f-5bda-4006-8d89-a53d2838c05b}</UniqueIdentifier>
    </Filter>
  </ItemGroup>
  <ItemGroup>
    <ClCompile Include="sources\ph\nm_ph.cpp">
      <Filter>Precompiled Header</Filter>
    </ClCompile>
    <ClCompile Include="sources\plugin\nm_plugin_instance.cpp">
      <Filter>Plugin</Filter>
    </ClCompile>
    <ClCompile Include="sources\connection_manager\nm_connection_manager.cpp">
      <Filter>Connection Manager</Filter>
    </ClCompile>
    <ClCompile Include="sources\udp_connection\nm_udp_connection.cpp">
      <Filter>Udp Connection</Filter>
    </ClCompile>
  </ItemGroup>
  <ItemGroup>
    <ClInclude Include="sources\ph\nm_ph.hpp">
      <Filter>Precompiled Header</Filter>
    </ClInclude>
    <ClInclude Include="sources\plugin\nm_plugin_instance.hpp">
      <Filter>Plugin</Filter>
    </ClInclude>
    <ClInclude Include="ih\nm_iudp_connection.hpp">
      <Filter>Interfaces</Filter>
    </ClInclude>
    <ClInclude Include="ih\nm_iconnection_manager.hpp">
      <Filter>Interfaces</Filter>
    </ClInclude>
    <ClInclude Include="sources\connection_manager\nm_connection_manager.hpp">
      <Filter>Connection Manager</Filter>
    </ClInclude>
    <ClInclude Include="sources\udp_connection\nm_udp_connection.hpp">
      <Filter>Udp Connection</Filter>
    </ClInclude>
  </ItemGroup>
</Project>