<?xml version="1.0" encoding="utf-8"?>
<Project ToolsVersion="4.0" xmlns="http://schemas.microsoft.com/developer/msbuild/2003">
  <ItemGroup>
    <Filter Include="Precompiled Header">
      <UniqueIdentifier>{d346cf84-1029-4b9b-8628-15e84de4de2f}</UniqueIdentifier>
    </Filter>
    <Filter Include="Interfaces">
      <UniqueIdentifier>{8f4466e9-401e-40a6-b4a4-fab93e7a838d}</UniqueIdentifier>
    </Filter>
    <Filter Include="Plugin">
      <UniqueIdentifier>{6cd0b37f-14f5-4aea-8bd5-c051af4b883e}</UniqueIdentifier>
    </Filter>
    <Filter Include="External Headers">
      <UniqueIdentifier>{b9cd7a99-ad58-4538-8b5e-4b6b8acaffc7}</UniqueIdentifier>
    </Filter>
    <Filter Include="Scripts Executor">
      <UniqueIdentifier>{8ea69a59-3e17-463d-9888-9179f54175a0}</UniqueIdentifier>
    </Filter>
    <Filter Include="Environment">
      <UniqueIdentifier>{912afb30-12e5-48d6-bdba-7ac3853954dc}</UniqueIdentifier>
    </Filter>
    <Filter Include="Internal Resources">
      <UniqueIdentifier>{7224c934-adde-40e5-aae8-e9ee706ad64f}</UniqueIdentifier>
    </Filter>
  </ItemGroup>
  <ItemGroup>
    <ClCompile Include="sources\ph\se_ph.cpp">
      <Filter>Precompiled Header</Filter>
    </ClCompile>
    <ClCompile Include="sources\plugin\se_plugin_instance.cpp">
      <Filter>Plugin</Filter>
    </ClCompile>
    <ClCompile Include="sources\scripts_executor\se_scripts_executor.cpp">
      <Filter>Scripts Executor</Filter>
    </ClCompile>
    <ClCompile Include="sources\environment\se_environment.cpp">
      <Filter>Environment</Filter>
    </ClCompile>
    <ClCompile Include="sources\resources\se_internal_resources.cpp">
      <Filter>Internal Resources</Filter>
    </ClCompile>
  </ItemGroup>
  <ItemGroup>
    <ClInclude Include="sources\ph\se_ph.hpp">
      <Filter>Precompiled Header</Filter>
    </ClInclude>
    <ClInclude Include="sources\plugin\se_plugin_instance.hpp">
      <Filter>Plugin</Filter>
    </ClInclude>
    <ClInclude Include="h\se_plugin_id.hpp">
      <Filter>External Headers</Filter>
    </ClInclude>
    <ClInclude Include="ih\se_iscripts_executor.hpp">
      <Filter>Interfaces</Filter>
    </ClInclude>
    <ClInclude Include="sources\scripts_executor\se_scripts_executor.hpp">
      <Filter>Scripts Executor</Filter>
    </ClInclude>
    <ClInclude Include="sources\environment\se_environment.hpp">
      <Filter>Environment</Filter>
    </ClInclude>
    <ClInclude Include="sources\environment\se_ienvironment.hpp">
      <Filter>Environment</Filter>
    </ClInclude>
    <ClInclude Include="sources\resources\se_internal_resources.hpp">
      <Filter>Internal Resources</Filter>
    </ClInclude>
    <ClInclude Include="h\se_data_exporter.hpp">
      <Filter>External Headers</Filter>
    </ClInclude>
  </ItemGroup>
</Project>