<?xml version="1.0" encoding="utf-8"?>
<Project ToolsVersion="4.0" xmlns="http://schemas.microsoft.com/developer/msbuild/2003">
  <ItemGroup>
    <Filter Include="Main">
      <UniqueIdentifier>{97c72c22-7a19-49e5-95ba-b98b158f15d2}</UniqueIdentifier>
    </Filter>
    <Filter Include="Precompiled Header">
      <UniqueIdentifier>{278abb36-b753-4d53-809b-86f9c8582fbb}</UniqueIdentifier>
    </Filter>
    <Filter Include="Resources">
      <UniqueIdentifier>{f8bc5d39-71c3-4adf-8a1a-8fbf6e5132fc}</UniqueIdentifier>
    </Filter>
    <Filter Include="Main Application">
      <UniqueIdentifier>{b359c070-a6f6-48a7-ba13-548dda054d6b}</UniqueIdentifier>
    </Filter>
  </ItemGroup>
  <ItemGroup>
    <ClCompile Include="sources\main\main.cpp">
      <Filter>Main</Filter>
    </ClCompile>
    <ClCompile Include="sources\ph\hhs_ph.cpp">
      <Filter>Precompiled Header</Filter>
    </ClCompile>
    <ClCompile Include="sources\resources\hhs_resources.cpp">
      <Filter>Resources</Filter>
    </ClCompile>
    <ClCompile Include="sources\main_application\main_application.cpp">
      <Filter>Main Application</Filter>
    </ClCompile>
  </ItemGroup>
  <ItemGroup>
    <ClInclude Include="sources\ph\hhs_ph.hpp">
      <Filter>Precompiled Header</Filter>
    </ClInclude>
    <ClInclude Include="sources\resources\hhs_resources.hpp">
      <Filter>Resources</Filter>
    </ClInclude>
    <ClInclude Include="sources\main_application\main_application.hpp">
      <Filter>Main Application</Filter>
    </ClInclude>
  </ItemGroup>
</Project>