<?xml version="1.0" encoding="utf-8"?>
<Project ToolsVersion="4.0" xmlns="http://schemas.microsoft.com/developer/msbuild/2003">
  <ItemGroup>
    <Filter Include="Precompiled Header">
      <UniqueIdentifier>{d346cf84-1029-4b9b-8628-15e84de4de2f}</UniqueIdentifier>
    </Filter>
    <Filter Include="Interfaces">
      <UniqueIdentifier>{8f4466e9-401e-40a6-b4a4-fab93e7a838d}</UniqueIdentifier>
    </Filter>
    <Filter Include="Minimap Widget">
      <UniqueIdentifier>{d985f233-7d57-4ab3-b6d4-6be669eb664f}</UniqueIdentifier>
    </Filter>
    <Filter Include="External Headers">
      <UniqueIdentifier>{c1baea39-b409-4dbd-8eaa-2e770e27f1fa}</UniqueIdentifier>
    </Filter>
    <Filter Include="Environment">
      <UniqueIdentifier>{5935b25b-5fa4-45be-a729-925dda7ba495}</UniqueIdentifier>
    </Filter>
    <Filter Include="Minimap View">
      <UniqueIdentifier>{053325cb-6ba2-47b5-887a-bd66b0d81bc7}</UniqueIdentifier>
    </Filter>
    <Filter Include="Internal Resources">
      <UniqueIdentifier>{fd7d22f9-00e0-48e1-b879-db8358090918}</UniqueIdentifier>
    </Filter>
    <Filter Include="Plugin">
      <UniqueIdentifier>{6cd0b37f-14f5-4aea-8bd5-c051af4b883e}</UniqueIdentifier>
    </Filter>
  </ItemGroup>
  <ItemGroup>
    <ClCompile Include="sources\ph\mv_ph.cpp">
      <Filter>Precompiled Header</Filter>
    </ClCompile>
    <ClCompile Include="sources\plugin\mv_plugin_instance.cpp">
      <Filter>Plugin</Filter>
    </ClCompile>
    <ClCompile Include="sources\minimap_widget\mv_minimap_widget.cpp">
      <Filter>Minimap Widget</Filter>
    </ClCompile>
    <ClCompile Include="sources\environment\mv_environment.cpp">
      <Filter>Environment</Filter>
    </ClCompile>
    <ClCompile Include="sources\minimap_view\mv_minimap_view.cpp">
      <Filter>Minimap View</Filter>
    </ClCompile>
    <ClCompile Include="sources\internal_resources\mv_internal_resources.cpp">
      <Filter>Internal Resources</Filter>
    </ClCompile>
  </ItemGroup>
  <ItemGroup>
    <ClInclude Include="sources\ph\mv_ph.hpp">
      <Filter>Precompiled Header</Filter>
    </ClInclude>
    <ClInclude Include="sources\plugin\mv_plugin_instance.hpp">
      <Filter>Plugin</Filter>
    </ClInclude>
    <ClInclude Include="ih\mv_iminimap_viewer.hpp">
      <Filter>Interfaces</Filter>
    </ClInclude>
    <ClInclude Include="h\mv_plugin_id.hpp">
      <Filter>External Headers</Filter>
    </ClInclude>
    <ClInclude Include="sources\environment\mv_environment.hpp">
      <Filter>Environment</Filter>
    </ClInclude>
    <ClInclude Include="sources\environment\mv_ienvironment.hpp">
      <Filter>Environment</Filter>
    </ClInclude>
    <ClInclude Include="sources\internal_resources\mv_internal_resources.hpp">
      <Filter>Internal Resources</Filter>
    </ClInclude>
  </ItemGroup>
  <ItemGroup>
    <CustomBuild Include="sources\minimap_widget\mv_minimap_widget.hpp">
      <Filter>Minimap Widget</Filter>
    </CustomBuild>
    <CustomBuild Include="sources\minimap_view\mv_minimap_view.hpp">
      <Filter>Minimap View</Filter>
    </CustomBuild>
  </ItemGroup>
</Project>