<?xml version="1.0" encoding="utf-8"?>
<Project ToolsVersion="4.0" xmlns="http://schemas.microsoft.com/developer/msbuild/2003">
  <ItemGroup>
    <Filter Include="Precompiled Header">
      <UniqueIdentifier>{facf7c09-f4dc-443b-9db1-02f31ac5cfcb}</UniqueIdentifier>
    </Filter>
    <Filter Include="Interfaces">
      <UniqueIdentifier>{602acd78-1ba8-4530-a280-2e0c69affb66}</UniqueIdentifier>
    </Filter>
    <Filter Include="Rules">
      <UniqueIdentifier>{72890654-107d-4a2f-90ee-c0f06b0e1a6e}</UniqueIdentifier>
    </Filter>
    <Filter Include="Visitors">
      <UniqueIdentifier>{e895d3d2-ac0d-4b75-8c64-c8711b481c9f}</UniqueIdentifier>
    </Filter>
  </ItemGroup>
  <ItemGroup>
    <ClInclude Include="sources\ph\xl_ph.hpp">
      <Filter>Precompiled Header</Filter>
    </ClInclude>
    <ClInclude Include="ih\xl_irule.hpp">
      <Filter>Interfaces</Filter>
    </ClInclude>
    <ClInclude Include="ih\xl_iattribute_rule.hpp">
      <Filter>Interfaces</Filter>
    </ClInclude>
    <ClInclude Include="ih\xl_ivisitor.hpp">
      <Filter>Interfaces</Filter>
    </ClInclude>
    <ClInclude Include="sources\rules\xl_base_rule.hpp">
      <Filter>Rules</Filter>
    </ClInclude>
    <ClInclude Include="sources\rules\xl_attribute.hpp">
      <Filter>Rules</Filter>
    </ClInclude>
    <ClInclude Include="sources\rules\xl_tag.hpp">
      <Filter>Rules</Filter>
    </ClInclude>
    <ClInclude Include="sources\visitors\xl_copy_visitor.hpp">
      <Filter>Visitors</Filter>
    </ClInclude>
    <ClInclude Include="ih\xl_itag_rule.hpp">
      <Filter>Interfaces</Filter>
    </ClInclude>
  </ItemGroup>
  <ItemGroup>
    <ClCompile Include="sources\ph\xl_ph.cpp">
      <Filter>Precompiled Header</Filter>
    </ClCompile>
    <ClCompile Include="sources\rules\xl_base_rule.cpp">
      <Filter>Rules</Filter>
    </ClCompile>
    <ClCompile Include="sources\rules\xl_attribute.cpp">
      <Filter>Rules</Filter>
    </ClCompile>
    <ClCompile Include="sources\rules\xl_tag.cpp">
      <Filter>Rules</Filter>
    </ClCompile>
    <ClCompile Include="sources\visitors\xl_copy_visitor.cpp">
      <Filter>Visitors</Filter>
    </ClCompile>
  </ItemGroup>
</Project>