<?xml version="1.0" encoding="utf-8"?>
<Project ToolsVersion="4.0" xmlns="http://schemas.microsoft.com/developer/msbuild/2003">
  <ItemGroup>
    <Filter Include="Precompiled Header">
      <UniqueIdentifier>{facf7c09-f4dc-443b-9db1-02f31ac5cfcb}</UniqueIdentifier>
    </Filter>
    <Filter Include="Interfaces">
      <UniqueIdentifier>{602acd78-1ba8-4530-a280-2e0c69affb66}</UniqueIdentifier>
    </Filter>
    <Filter Include="Visitors">
      <UniqueIdentifier>{e895d3d2-ac0d-4b75-8c64-c8711b481c9f}</UniqueIdentifier>
    </Filter>
    <Filter Include="Elements">
      <UniqueIdentifier>{72890654-107d-4a2f-90ee-c0f06b0e1a6e}</UniqueIdentifier>
    </Filter>
    <Filter Include="External Headers">
      <UniqueIdentifier>{58f6f245-514c-4625-bf00-2f9d0a553bae}</UniqueIdentifier>
    </Filter>
    <Filter Include="Resources">
      <UniqueIdentifier>{7dcc3632-7c48-45a0-8ed4-acdfd781e9b0}</UniqueIdentifier>
    </Filter>
    <Filter Include="Rules">
      <UniqueIdentifier>{cc1c1255-075a-4c79-8efa-5f64cc64f7f6}</UniqueIdentifier>
    </Filter>
  </ItemGroup>
  <ItemGroup>
    <ClInclude Include="sources\ph\xl_ph.hpp">
      <Filter>Precompiled Header</Filter>
    </ClInclude>
    <ClInclude Include="ih\xl_iattribute_element.hpp">
      <Filter>Interfaces</Filter>
    </ClInclude>
    <ClInclude Include="ih\xl_ielement.hpp">
      <Filter>Interfaces</Filter>
    </ClInclude>
    <ClInclude Include="ih\xl_itag_element.hpp">
      <Filter>Interfaces</Filter>
    </ClInclude>
    <ClInclude Include="ih\xl_ivisitor.hpp">
      <Filter>Interfaces</Filter>
    </ClInclude>
    <ClInclude Include="h\xl_repeat_mode.hpp">
      <Filter>External Headers</Filter>
    </ClInclude>
    <ClInclude Include="sources\elements\xl_attribute_element.hpp">
      <Filter>Elements</Filter>
    </ClInclude>
    <ClInclude Include="sources\elements\xl_base_element.hpp">
      <Filter>Elements</Filter>
    </ClInclude>
    <ClInclude Include="sources\elements\xl_tag_element.hpp">
      <Filter>Elements</Filter>
    </ClInclude>
    <ClInclude Include="sources\elements\xl_and_element.hpp">
      <Filter>Elements</Filter>
    </ClInclude>
    <ClInclude Include="sources\rules\xl_rule.hpp">
      <Filter>Rules</Filter>
    </ClInclude>
    <ClInclude Include="sources\rules\xl_attribute_rule.hpp">
      <Filter>Rules</Filter>
    </ClInclude>
    <ClInclude Include="sources\rules\xl_tag_rule.hpp">
      <Filter>Rules</Filter>
    </ClInclude>
    <ClInclude Include="sources\elements\xl_binary_element.hpp">
      <Filter>Elements</Filter>
    </ClInclude>
    <ClInclude Include="sources\rules\xl_base_attribute_rule.hpp">
      <Filter>Rules</Filter>
    </ClInclude>
    <ClInclude Include="sources\visitors\xl_xml_format_checker.hpp">
      <Filter>Visitors</Filter>
    </ClInclude>
    <ClInclude Include="sources\visitors\xl_xml_parser.hpp">
      <Filter>Visitors</Filter>
    </ClInclude>
    <ClInclude Include="sources\resources\xl_resources.hpp">
      <Filter>Resources</Filter>
    </ClInclude>
  </ItemGroup>
  <ItemGroup>
    <ClCompile Include="sources\ph\xl_ph.cpp">
      <Filter>Precompiled Header</Filter>
    </ClCompile>
    <ClCompile Include="sources\elements\xl_attribute_element.cpp">
      <Filter>Elements</Filter>
    </ClCompile>
    <ClCompile Include="sources\elements\xl_base_element.cpp">
      <Filter>Elements</Filter>
    </ClCompile>
    <ClCompile Include="sources\elements\xl_tag_element.cpp">
      <Filter>Elements</Filter>
    </ClCompile>
    <ClCompile Include="sources\elements\xl_and_element.cpp">
      <Filter>Elements</Filter>
    </ClCompile>
    <ClCompile Include="sources\rules\xl_rule.cpp">
      <Filter>Rules</Filter>
    </ClCompile>
    <ClCompile Include="sources\rules\xl_attribute_rule.cpp">
      <Filter>Rules</Filter>
    </ClCompile>
    <ClCompile Include="sources\rules\xl_tag_rule.cpp">
      <Filter>Rules</Filter>
    </ClCompile>
    <ClCompile Include="sources\elements\xl_binary_element.cpp">
      <Filter>Elements</Filter>
    </ClCompile>
    <ClCompile Include="sources\rules\xl_base_attribute_rule.cpp">
      <Filter>Rules</Filter>
    </ClCompile>
    <ClCompile Include="sources\visitors\xl_xml_format_checker.cpp">
      <Filter>Visitors</Filter>
    </ClCompile>
    <ClCompile Include="sources\visitors\xl_xml_parser.cpp">
      <Filter>Visitors</Filter>
    </ClCompile>
    <ClCompile Include="sources\resources\xl_resources.cpp">
      <Filter>Resources</Filter>
    </ClCompile>
  </ItemGroup>
</Project>