<?xml version="1.0" encoding="utf-8"?>
<Project ToolsVersion="4.0" xmlns="http://schemas.microsoft.com/developer/msbuild/2003">
  <ItemGroup>
    <Filter Include="Plugin">
      <UniqueIdentifier>{aab3f69b-cdcd-43b4-b5d0-f27c6b9b2667}</UniqueIdentifier>
    </Filter>
    <Filter Include="Precompiled Header">
      <UniqueIdentifier>{bb2d0617-d126-4e9b-81a5-110411d8de68}</UniqueIdentifier>
    </Filter>
    <Filter Include="Interfaces">
      <UniqueIdentifier>{0da3fcb7-cb52-455c-83c8-47c0dbb4c5da}</UniqueIdentifier>
    </Filter>
    <Filter Include="External Headers">
      <UniqueIdentifier>{f77ed0ab-ab5b-42e5-b3b9-4f975c4b9cf6}</UniqueIdentifier>
    </Filter>
    <Filter Include="Internal Resources">
      <UniqueIdentifier>{67963bc5-d418-4d1a-a3a0-e2a01366fd18}</UniqueIdentifier>
    </Filter>
    <Filter Include="Landscape">
      <UniqueIdentifier>{15be8b6a-f018-4899-aaac-571a9147f4b3}</UniqueIdentifier>
    </Filter>
    <Filter Include="Landscape Serializer">
      <UniqueIdentifier>{2a5e59fe-b211-498c-b90e-fb63d1927ed4}</UniqueIdentifier>
    </Filter>
    <Filter Include="Surface Item">
      <UniqueIdentifier>{87feb657-545f-40fd-9acd-9235a8184488}</UniqueIdentifier>
    </Filter>
    <Filter Include="Surface Items Cache">
      <UniqueIdentifier>{8e049fe2-eb17-4576-90e2-599722e3ef55}</UniqueIdentifier>
    </Filter>
    <Filter Include="Landscape Model">
      <UniqueIdentifier>{5321bf5e-646e-46ce-8e19-8e9c73a70332}</UniqueIdentifier>
    </Filter>
    <Filter Include="Landscape Handle">
      <UniqueIdentifier>{5ba58ded-4e19-4c40-b18d-54710cefc11e}</UniqueIdentifier>
    </Filter>
    <Filter Include="Environment">
      <UniqueIdentifier>{fbf08fa7-b1bd-450a-9c00-c08e8e433b85}</UniqueIdentifier>
    </Filter>
    <Filter Include="Path Finders">
      <UniqueIdentifier>{ac68a0d0-40e2-4c33-9279-30845348c204}</UniqueIdentifier>
    </Filter>
    <Filter Include="Components">
      <UniqueIdentifier>{f9639e51-a66c-4129-bc6e-f1eb37f13052}</UniqueIdentifier>
    </Filter>
    <Filter Include="Interfaces\Components">
      <UniqueIdentifier>{e752d445-8120-4d68-853b-cf17e11f975f}</UniqueIdentifier>
    </Filter>
    <Filter Include="Static Data">
      <UniqueIdentifier>{31feb3a4-194a-4b11-a22a-ea7d9cf91da4}</UniqueIdentifier>
    </Filter>
    <Filter Include="Actions">
      <UniqueIdentifier>{37fd109c-3470-49a2-a7cf-ef068f6a7b4c}</UniqueIdentifier>
    </Filter>
    <Filter Include="Player">
      <UniqueIdentifier>{c45f9495-0a70-48ec-b632-9a875b696436}</UniqueIdentifier>
    </Filter>
    <Filter Include="Notification Center">
      <UniqueIdentifier>{df6cf411-8739-4917-8afe-6a9390fd4da5}</UniqueIdentifier>
    </Filter>
    <Filter Include="Geometry">
      <UniqueIdentifier>{513acdd3-13cd-43c0-a756-6dbec313624f}</UniqueIdentifier>
    </Filter>
  </ItemGroup>
  <ItemGroup>
    <ClCompile Include="sources\ph\lm_ph.cpp">
      <Filter>Precompiled Header</Filter>
    </ClCompile>
    <ClCompile Include="sources\plugin\lm_plugin_instance.cpp">
      <Filter>Plugin</Filter>
    </ClCompile>
    <ClCompile Include="sources\internal_resources\lm_internal_resources.cpp">
      <Filter>Internal Resources</Filter>
    </ClCompile>
    <ClCompile Include="sources\landscape\lm_landscape.cpp">
      <Filter>Landscape</Filter>
    </ClCompile>
    <ClCompile Include="sources\surface_item\lm_surface_item.cpp">
      <Filter>Surface Item</Filter>
    </ClCompile>
    <ClCompile Include="sources\surface_items_cache\lm_surface_items_cache.cpp">
      <Filter>Surface Items Cache</Filter>
    </ClCompile>
    <ClCompile Include="sources\landscape_model\lm_landscape_model.cpp">
      <Filter>Landscape Model</Filter>
    </ClCompile>
    <ClCompile Include="sources\landscape_handle\lm_landscape_handle.cpp">
      <Filter>Landscape Handle</Filter>
    </ClCompile>
    <ClCompile Include="sources\environment\lm_environment.cpp">
      <Filter>Environment</Filter>
    </ClCompile>
    <ClCompile Include="sources\components\lm_health_component.cpp">
      <Filter>Components</Filter>
    </ClCompile>
    <ClCompile Include="sources\components\lm_locate_component.cpp">
      <Filter>Components</Filter>
    </ClCompile>
    <ClCompile Include="sources\components\lm_selection_component.cpp">
      <Filter>Components</Filter>
    </ClCompile>
    <ClCompile Include="sources\static_data\lm_static_data.cpp">
      <Filter>Static Data</Filter>
    </ClCompile>
    <ClCompile Include="sources\components\lm_move_component.cpp">
      <Filter>Components</Filter>
    </ClCompile>
    <ClCompile Include="sources\components\lm_actions_component.cpp">
      <Filter>Components</Filter>
    </ClCompile>
    <ClCompile Include="sources\actions\lm_base_action.cpp">
      <Filter>Actions</Filter>
    </ClCompile>
    <ClCompile Include="sources\actions\lm_move_action.cpp">
      <Filter>Actions</Filter>
    </ClCompile>
    <ClCompile Include="sources\player\lm_player.cpp">
      <Filter>Player</Filter>
    </ClCompile>
    <ClCompile Include="sources\components\lm_generate_resources_component.cpp">
      <Filter>Components</Filter>
    </ClCompile>
    <ClCompile Include="sources\actions\lm_generate_resources_action.cpp">
      <Filter>Actions</Filter>
    </ClCompile>
    <ClCompile Include="sources\notification_center\lm_notification_center.cpp">
      <Filter>Notification Center</Filter>
    </ClCompile>
    <ClCompile Include="sources\actions\lm_attack_action.cpp">
      <Filter>Actions</Filter>
    </ClCompile>
    <ClCompile Include="sources\components\lm_attack_component.cpp">
      <Filter>Components</Filter>
    </ClCompile>
    <ClCompile Include="sources\geometry\lm_geometry.cpp">
      <Filter>Geometry</Filter>
    </ClCompile>
    <ClCompile Include="sources\path_finders\lm_jump_point_search.cpp">
      <Filter>Path Finders</Filter>
    </ClCompile>
    <ClCompile Include="sources\actions\lm_train_action.cpp">
      <Filter>Actions</Filter>
    </ClCompile>
    <ClCompile Include="sources\components\lm_train_component.cpp">
      <Filter>Components</Filter>
    </ClCompile>
    <ClCompile Include="sources\components\lm_build_component.cpp">
      <Filter>Components</Filter>
    </ClCompile>
    <ClCompile Include="sources\actions\lm_build_action.cpp">
      <Filter>Actions</Filter>
    </ClCompile>
    <ClCompile Include="sources\landscape_serializer\lm_landscape_serializer.cpp">
      <Filter>Landscape Serializer</Filter>
    </ClCompile>
  </ItemGroup>
  <ItemGroup>
    <ClInclude Include="sources\ph\lm_ph.hpp">
      <Filter>Precompiled Header</Filter>
    </ClInclude>
    <ClInclude Include="sources\plugin\lm_plugin_instance.hpp">
      <Filter>Plugin</Filter>
    </ClInclude>
    <ClInclude Include="sources\internal_resources\lm_internal_resources.hpp">
      <Filter>Internal Resources</Filter>
    </ClInclude>
    <ClInclude Include="h\lm_plugin_id.hpp">
      <Filter>External Headers</Filter>
    </ClInclude>
    <ClInclude Include="h\lm_events.hpp">
      <Filter>External Headers</Filter>
    </ClInclude>
    <ClInclude Include="h\lm_resources.hpp">
      <Filter>External Headers</Filter>
    </ClInclude>
    <ClInclude Include="ih\lm_ilandscape.hpp">
      <Filter>Interfaces</Filter>
    </ClInclude>
    <ClInclude Include="ih\lm_isurface_item.hpp">
      <Filter>Interfaces</Filter>
    </ClInclude>
    <ClInclude Include="ih\lm_isurface_items_cache.hpp">
      <Filter>Interfaces</Filter>
    </ClInclude>
    <ClInclude Include="h\lm_terrain_map_data.hpp">
      <Filter>External Headers</Filter>
    </ClInclude>
    <ClInclude Include="ih\lm_ilandscape_handle.hpp">
      <Filter>Interfaces</Filter>
    </ClInclude>
    <ClInclude Include="ih\lm_ilandscape_model.hpp">
      <Filter>Interfaces</Filter>
    </ClInclude>
    <ClInclude Include="sources\landscape\lm_landscape.hpp">
      <Filter>Landscape</Filter>
    </ClInclude>
    <ClInclude Include="sources\landscape_serializer\lm_ilandscape_serializer.hpp">
      <Filter>Landscape Serializer</Filter>
    </ClInclude>
    <ClInclude Include="sources\landscape_serializer\lm_landscape_serializer.hpp">
      <Filter>Landscape Serializer</Filter>
    </ClInclude>
    <ClInclude Include="sources\surface_item\lm_surface_item.hpp">
      <Filter>Surface Item</Filter>
    </ClInclude>
    <ClInclude Include="sources\surface_items_cache\lm_surface_items_cache.hpp">
      <Filter>Surface Items Cache</Filter>
    </ClInclude>
    <ClInclude Include="sources\landscape_model\lm_landscape_model.hpp">
      <Filter>Landscape Model</Filter>
    </ClInclude>
    <ClInclude Include="sources\landscape_handle\lm_landscape_handle.hpp">
      <Filter>Landscape Handle</Filter>
    </ClInclude>
    <ClInclude Include="sources\environment\lm_environment.hpp">
      <Filter>Environment</Filter>
    </ClInclude>
    <ClInclude Include="sources\environment\lm_ienvironment.hpp">
      <Filter>Environment</Filter>
    </ClInclude>
    <ClInclude Include="sources\path_finders\lm_ipath_finder.hpp">
      <Filter>Path Finders</Filter>
    </ClInclude>
    <ClInclude Include="sources\path_finders\lm_jump_point_search.hpp">
      <Filter>Path Finders</Filter>
    </ClInclude>
    <ClInclude Include="h\lm_directions.hpp">
      <Filter>External Headers</Filter>
    </ClInclude>
    <ClInclude Include="h\lm_object_states.hpp">
      <Filter>External Headers</Filter>
    </ClInclude>
    <ClInclude Include="h\lm_object.hpp">
      <Filter>External Headers</Filter>
    </ClInclude>
    <ClInclude Include="ih\components\lm_icomponent.hpp">
      <Filter>Interfaces\Components</Filter>
    </ClInclude>
    <ClInclude Include="ih\components\lm_ihealth_component.hpp">
      <Filter>Interfaces\Components</Filter>
    </ClInclude>
    <ClInclude Include="ih\components\lm_ilocate_component.hpp">
      <Filter>Interfaces\Components</Filter>
    </ClInclude>
    <ClInclude Include="sources\components\lm_base_component.hpp">
      <Filter>Components</Filter>
    </ClInclude>
    <ClInclude Include="sources\components\lm_health_component.hpp">
      <Filter>Components</Filter>
    </ClInclude>
    <ClInclude Include="sources\components\lm_locate_component.hpp">
      <Filter>Components</Filter>
    </ClInclude>
    <ClInclude Include="ih\components\lm_iselection_component.hpp">
      <Filter>Interfaces\Components</Filter>
    </ClInclude>
    <ClInclude Include="sources\components\lm_selection_component.hpp">
      <Filter>Components</Filter>
    </ClInclude>
    <ClInclude Include="ih\lm_istatic_data.hpp">
      <Filter>Interfaces</Filter>
    </ClInclude>
    <ClInclude Include="sources\static_data\lm_static_data.hpp">
      <Filter>Static Data</Filter>
    </ClInclude>
    <ClInclude Include="h\lm_actions.hpp">
      <Filter>External Headers</Filter>
    </ClInclude>
    <ClInclude Include="sources\components\lm_move_component.hpp">
      <Filter>Components</Filter>
    </ClInclude>
    <ClInclude Include="ih\components\lm_imove_component.hpp">
      <Filter>Interfaces\Components</Filter>
    </ClInclude>
    <ClInclude Include="sources\components\lm_actions_component.hpp">
      <Filter>Components</Filter>
    </ClInclude>
    <ClInclude Include="ih\components\lm_iactions_component.hpp">
      <Filter>Interfaces\Components</Filter>
    </ClInclude>
    <ClInclude Include="sources\actions\lm_base_action.hpp">
      <Filter>Actions</Filter>
    </ClInclude>
    <ClInclude Include="sources\actions\lm_iaction.hpp">
      <Filter>Actions</Filter>
    </ClInclude>
    <ClInclude Include="sources\actions\lm_move_action.hpp">
      <Filter>Actions</Filter>
    </ClInclude>
    <ClInclude Include="ih\lm_iplayer.hpp">
      <Filter>Interfaces</Filter>
    </ClInclude>
    <ClInclude Include="sources\player\lm_player.hpp">
      <Filter>Player</Filter>
    </ClInclude>
    <ClInclude Include="ih\components\lm_igenerate_resources_component.hpp">
      <Filter>Interfaces\Components</Filter>
    </ClInclude>
    <ClInclude Include="sources\components\lm_generate_resources_component.hpp">
      <Filter>Components</Filter>
    </ClInclude>
    <ClInclude Include="sources\actions\lm_generate_resources_action.hpp">
      <Filter>Actions</Filter>
    </ClInclude>
    <ClInclude Include="sources\notification_center\lm_inotification_center.hpp">
      <Filter>Notification Center</Filter>
    </ClInclude>
    <ClInclude Include="sources\notification_center\lm_inotifier.hpp">
      <Filter>Notification Center</Filter>
    </ClInclude>
    <ClInclude Include="sources\notification_center\lm_notification_center.hpp">
      <Filter>Notification Center</Filter>
    </ClInclude>
    <ClInclude Include="sources\notification_center\lm_notifier.hpp">
      <Filter>Notification Center</Filter>
    </ClInclude>
    <ClInclude Include="sources\landscape\lm_iobjects_creator.hpp">
      <Filter>Landscape</Filter>
    </ClInclude>
    <ClInclude Include="h\lm_resources_data.hpp">
      <Filter>External Headers</Filter>
    </ClInclude>
    <ClInclude Include="sources\actions\lm_attack_action.hpp">
      <Filter>Actions</Filter>
    </ClInclude>
    <ClInclude Include="ih\components\lm_iattack_component.hpp">
      <Filter>Interfaces\Components</Filter>
    </ClInclude>
    <ClInclude Include="sources\components\lm_attack_component.hpp">
      <Filter>Components</Filter>
    </ClInclude>
    <ClInclude Include="sources\geometry\lm_geometry.hpp">
      <Filter>Geometry</Filter>
    </ClInclude>
    <ClInclude Include="sources\actions\lm_train_action.hpp">
      <Filter>Actions</Filter>
    </ClInclude>
    <ClInclude Include="ih\components\lm_itrain_component.hpp">
      <Filter>Interfaces\Components</Filter>
    </ClInclude>
    <ClInclude Include="sources\components\lm_train_component.hpp">
      <Filter>Components</Filter>
    </ClInclude>
    <ClInclude Include="ih\components\lm_ibuild_component.hpp">
      <Filter>Interfaces\Components</Filter>
    </ClInclude>
    <ClInclude Include="sources\components\lm_build_component.hpp">
      <Filter>Components</Filter>
    </ClInclude>
    <ClInclude Include="sources\actions\lm_build_action.hpp">
      <Filter>Actions</Filter>
    </ClInclude>
    <ClInclude Include="h\lm_component_id.hpp">
      <Filter>External Headers</Filter>
    </ClInclude>
  </ItemGroup>
</Project>